// !$*UTF8*$!
{
	archiveVersion = 1;
	classes = {
	};
	objectVersion = 56;
	objects = {

/* Begin PBXBuildFile section */
		70C1363F2CC6109E00CEE7F5 /* Base in Resources */ = {isa = PBXBuildFile; fileRef = 70C1363E2CC6109E00CEE7F5 /* Base */; };
		70C136412CC610A000CEE7F5 /* Assets.xcassets in Resources */ = {isa = PBXBuildFile; fileRef = 70C136402CC610A000CEE7F5 /* Assets.xcassets */; };
		70C136442CC610A000CEE7F5 /* Base in Resources */ = {isa = PBXBuildFile; fileRef = 70C136432CC610A000CEE7F5 /* Base */; };
		70C1364F2CC610A000CEE7F5 /* PicNixTests.swift in Sources */ = {isa = PBXBuildFile; fileRef = 70C1364E2CC610A000CEE7F5 /* PicNixTests.swift */; };
		70C136592CC610A000CEE7F5 /* PicNixUITests.swift in Sources */ = {isa = PBXBuildFile; fileRef = 70C136582CC610A000CEE7F5 /* PicNixUITests.swift */; };
		70C1365B2CC610A000CEE7F5 /* PicNixUITestsLaunchTests.swift in Sources */ = {isa = PBXBuildFile; fileRef = 70C1365A2CC610A000CEE7F5 /* PicNixUITestsLaunchTests.swift */; };
/* End PBXBuildFile section */

/* Begin PBXContainerItemProxy section */
		70C1364B2CC610A000CEE7F5 /* PBXContainerItemProxy */ = {
			isa = PBXContainerItemProxy;
			containerPortal = 70C1362C2CC6109E00CEE7F5 /* Project object */;
			proxyType = 1;
			remoteGlobalIDString = 70C136332CC6109E00CEE7F5;
			remoteInfo = PicNix;
		};
		70C136552CC610A000CEE7F5 /* PBXContainerItemProxy */ = {
			isa = PBXContainerItemProxy;
			containerPortal = 70C1362C2CC6109E00CEE7F5 /* Project object */;
			proxyType = 1;
			remoteGlobalIDString = 70C136332CC6109E00CEE7F5;
			remoteInfo = PicNix;
		};
/* End PBXContainerItemProxy section */

/* Begin PBXFileReference section */
		70C136342CC6109E00CEE7F5 /* PicNix.app */ = {isa = PBXFileReference; explicitFileType = wrapper.application; includeInIndex = 0; path = PicNix.app; sourceTree = BUILT_PRODUCTS_DIR; };
		70C1363E2CC6109E00CEE7F5 /* Base */ = {isa = PBXFileReference; lastKnownFileType = file.storyboard; name = Base; path = Base.lproj/Main.storyboard; sourceTree = "<group>"; };
		70C136402CC610A000CEE7F5 /* Assets.xcassets */ = {isa = PBXFileReference; lastKnownFileType = folder.assetcatalog; path = Assets.xcassets; sourceTree = "<group>"; };
		70C136432CC610A000CEE7F5 /* Base */ = {isa = PBXFileReference; lastKnownFileType = file.storyboard; name = Base; path = Base.lproj/LaunchScreen.storyboard; sourceTree = "<group>"; };
		70C136452CC610A000CEE7F5 /* Info.plist */ = {isa = PBXFileReference; lastKnownFileType = text.plist.xml; path = Info.plist; sourceTree = "<group>"; };
		70C1364A2CC610A000CEE7F5 /* PicNixTests.xctest */ = {isa = PBXFileReference; explicitFileType = wrapper.cfbundle; includeInIndex = 0; path = PicNixTests.xctest; sourceTree = BUILT_PRODUCTS_DIR; };
		70C1364E2CC610A000CEE7F5 /* PicNixTests.swift */ = {isa = PBXFileReference; lastKnownFileType = sourcecode.swift; path = PicNixTests.swift; sourceTree = "<group>"; };
		70C136542CC610A000CEE7F5 /* PicNixUITests.xctest */ = {isa = PBXFileReference; explicitFileType = wrapper.cfbundle; includeInIndex = 0; path = PicNixUITests.xctest; sourceTree = BUILT_PRODUCTS_DIR; };
		70C136582CC610A000CEE7F5 /* PicNixUITests.swift */ = {isa = PBXFileReference; lastKnownFileType = sourcecode.swift; path = PicNixUITests.swift; sourceTree = "<group>"; };
		70C1365A2CC610A000CEE7F5 /* PicNixUITestsLaunchTests.swift */ = {isa = PBXFileReference; lastKnownFileType = sourcecode.swift; path = PicNixUITestsLaunchTests.swift; sourceTree = "<group>"; };
/* End PBXFileReference section */

/* Begin PBXFrameworksBuildPhase section */
		70C136312CC6109E00CEE7F5 /* Frameworks */ = {
			isa = PBXFrameworksBuildPhase;
			buildActionMask = 2147483647;
			files = (
			);
			runOnlyForDeploymentPostprocessing = 0;
		};
		70C136472CC610A000CEE7F5 /* Frameworks */ = {
			isa = PBXFrameworksBuildPhase;
			buildActionMask = 2147483647;
			files = (
			);
			runOnlyForDeploymentPostprocessing = 0;
		};
		70C136512CC610A000CEE7F5 /* Frameworks */ = {
			isa = PBXFrameworksBuildPhase;
			buildActionMask = 2147483647;
			files = (
			);
			runOnlyForDeploymentPostprocessing = 0;
		};
/* End PBXFrameworksBuildPhase section */

/* Begin PBXGroup section */
		70C1362B2CC6109E00CEE7F5 = {
			isa = PBXGroup;
			children = (
				70C136362CC6109E00CEE7F5 /* PicNix */,
				70C1364D2CC610A000CEE7F5 /* PicNixTests */,
				70C136572CC610A000CEE7F5 /* PicNixUITests */,
				70C136352CC6109E00CEE7F5 /* Products */,
			);
			sourceTree = "<group>";
		};
		70C136352CC6109E00CEE7F5 /* Products */ = {
			isa = PBXGroup;
			children = (
				70C136342CC6109E00CEE7F5 /* PicNix.app */,
				70C1364A2CC610A000CEE7F5 /* PicNixTests.xctest */,
				70C136542CC610A000CEE7F5 /* PicNixUITests.xctest */,
			);
			name = Products;
			sourceTree = "<group>";
		};
		70C136362CC6109E00CEE7F5 /* PicNix */ = {
			isa = PBXGroup;
			children = (
				70C1363D2CC6109E00CEE7F5 /* Main.storyboard */,
				70C136402CC610A000CEE7F5 /* Assets.xcassets */,
				70C136422CC610A000CEE7F5 /* LaunchScreen.storyboard */,
				70C136452CC610A000CEE7F5 /* Info.plist */,
			);
			path = PicNix;
			sourceTree = "<group>";
		};
		70C1364D2CC610A000CEE7F5 /* PicNixTests */ = {
			isa = PBXGroup;
			children = (
				70C1364E2CC610A000CEE7F5 /* PicNixTests.swift */,
			);
			path = PicNixTests;
			sourceTree = "<group>";
		};
		70C136572CC610A000CEE7F5 /* PicNixUITests */ = {
			isa = PBXGroup;
			children = (
				70C136582CC610A000CEE7F5 /* PicNixUITests.swift */,
				70C1365A2CC610A000CEE7F5 /* PicNixUITestsLaunchTests.swift */,
			);
			path = PicNixUITests;
			sourceTree = "<group>";
		};
/* End PBXGroup section */

/* Begin PBXNativeTarget section */
		70C136332CC6109E00CEE7F5 /* PicNix */ = {
			isa = PBXNativeTarget;
			buildConfigurationList = 70C1365E2CC610A000CEE7F5 /* Build configuration list for PBXNativeTarget "PicNix" */;
			buildPhases = (
				70C136302CC6109E00CEE7F5 /* Sources */,
				70C136312CC6109E00CEE7F5 /* Frameworks */,
				70C136322CC6109E00CEE7F5 /* Resources */,
			);
			buildRules = (
			);
			dependencies = (
			);
			name = PicNix;
			productName = PicNix;
			productReference = 70C136342CC6109E00CEE7F5 /* PicNix.app */;
			productType = "com.apple.product-type.application";
		};
		70C136492CC610A000CEE7F5 /* PicNixTests */ = {
			isa = PBXNativeTarget;
			buildConfigurationList = 70C136612CC610A000CEE7F5 /* Build configuration list for PBXNativeTarget "PicNixTests" */;
			buildPhases = (
				70C136462CC610A000CEE7F5 /* Sources */,
				70C136472CC610A000CEE7F5 /* Frameworks */,
				70C136482CC610A000CEE7F5 /* Resources */,
			);
			buildRules = (
			);
			dependencies = (
				70C1364C2CC610A000CEE7F5 /* PBXTargetDependency */,
			);
			name = PicNixTests;
			productName = PicNixTests;
			productReference = 70C1364A2CC610A000CEE7F5 /* PicNixTests.xctest */;
			productType = "com.apple.product-type.bundle.unit-test";
		};
		70C136532CC610A000CEE7F5 /* PicNixUITests */ = {
			isa = PBXNativeTarget;
			buildConfigurationList = 70C136642CC610A000CEE7F5 /* Build configuration list for PBXNativeTarget "PicNixUITests" */;
			buildPhases = (
				70C136502CC610A000CEE7F5 /* Sources */,
				70C136512CC610A000CEE7F5 /* Frameworks */,
				70C136522CC610A000CEE7F5 /* Resources */,
			);
			buildRules = (
			);
			dependencies = (
				70C136562CC610A000CEE7F5 /* PBXTargetDependency */,
			);
			name = PicNixUITests;
			productName = PicNixUITests;
			productReference = 70C136542CC610A000CEE7F5 /* PicNixUITests.xctest */;
			productType = "com.apple.product-type.bundle.ui-testing";
		};
/* End PBXNativeTarget section */

/* Begin PBXProject section */
		70C1362C2CC6109E00CEE7F5 /* Project object */ = {
			isa = PBXProject;
			attributes = {
				BuildIndependentTargetsInParallel = 1;
				LastSwiftUpdateCheck = 1540;
				LastUpgradeCheck = 1540;
				TargetAttributes = {
					70C136332CC6109E00CEE7F5 = {
						CreatedOnToolsVersion = 15.4;
					};
					70C136492CC610A000CEE7F5 = {
						CreatedOnToolsVersion = 15.4;
						TestTargetID = 70C136332CC6109E00CEE7F5;
					};
					70C136532CC610A000CEE7F5 = {
						CreatedOnToolsVersion = 15.4;
						TestTargetID = 70C136332CC6109E00CEE7F5;
					};
				};
			};
			buildConfigurationList = 70C1362F2CC6109E00CEE7F5 /* Build configuration list for PBXProject "PicNix" */;
			compatibilityVersion = "Xcode 14.0";
			developmentRegion = en;
			hasScannedForEncodings = 0;
			knownRegions = (
				en,
				Base,
			);
			mainGroup = 70C1362B2CC6109E00CEE7F5;
			productRefGroup = 70C136352CC6109E00CEE7F5 /* Products */;
			projectDirPath = "";
			projectRoot = "";
			targets = (
				70C136332CC6109E00CEE7F5 /* PicNix */,
				70C136492CC610A000CEE7F5 /* PicNixTests */,
				70C136532CC610A000CEE7F5 /* PicNixUITests */,
			);
		};
/* End PBXProject section */

/* Begin PBXResourcesBuildPhase section */
		70C136322CC6109E00CEE7F5 /* Resources */ = {
			isa = PBXResourcesBuildPhase;
			buildActionMask = 2147483647;
			files = (
				70C136412CC610A000CEE7F5 /* Assets.xcassets in Resources */,
				70C136442CC610A000CEE7F5 /* Base in Resources */,
				70C1363F2CC6109E00CEE7F5 /* Base in Resources */,
			);
			runOnlyForDeploymentPostprocessing = 0;
		};
		70C136482CC610A000CEE7F5 /* Resources */ = {
			isa = PBXResourcesBuildPhase;
			buildActionMask = 2147483647;
			files = (
			);
			runOnlyForDeploymentPostprocessing = 0;
		};
		70C136522CC610A000CEE7F5 /* Resources */ = {
			isa = PBXResourcesBuildPhase;
			buildActionMask = 2147483647;
			files = (
			);
			runOnlyForDeploymentPostprocessing = 0;
		};
/* End PBXResourcesBuildPhase section */

/* Begin PBXSourcesBuildPhase section */
		70C136302CC6109E00CEE7F5 /* Sources */ = {
			isa = PBXSourcesBuildPhase;
			buildActionMask = 2147483647;
			files = (
			);
			runOnlyForDeploymentPostprocessing = 0;
		};
		70C136462CC610A000CEE7F5 /* Sources */ = {
			isa = PBXSourcesBuildPhase;
			buildActionMask = 2147483647;
			files = (
				70C1364F2CC610A000CEE7F5 /* PicNixTests.swift in Sources */,
			);
			runOnlyForDeploymentPostprocessing = 0;
		};
		70C136502CC610A000CEE7F5 /* Sources */ = {
			isa = PBXSourcesBuildPhase;
			buildActionMask = 2147483647;
			files = (
				70C136592CC610A000CEE7F5 /* PicNixUITests.swift in Sources */,
				70C1365B2CC610A000CEE7F5 /* PicNixUITestsLaunchTests.swift in Sources */,
			);
			runOnlyForDeploymentPostprocessing = 0;
		};
/* End PBXSourcesBuildPhase section */

/* Begin PBXTargetDependency section */
		70C1364C2CC610A000CEE7F5 /* PBXTargetDependency */ = {
			isa = PBXTargetDependency;
			target = 70C136332CC6109E00CEE7F5 /* PicNix */;
			targetProxy = 70C1364B2CC610A000CEE7F5 /* PBXContainerItemProxy */;
		};
		70C136562CC610A000CEE7F5 /* PBXTargetDependency */ = {
			isa = PBXTargetDependency;
			target = 70C136332CC6109E00CEE7F5 /* PicNix */;
			targetProxy = 70C136552CC610A000CEE7F5 /* PBXContainerItemProxy */;
		};
/* End PBXTargetDependency section */

/* Begin PBXVariantGroup section */
		70C1363D2CC6109E00CEE7F5 /* Main.storyboard */ = {
			isa = PBXVariantGroup;
			children = (
				70C1363E2CC6109E00CEE7F5 /* Base */,
			);
			name = Main.storyboard;
			sourceTree = "<group>";
		};
		70C136422CC610A000CEE7F5 /* LaunchScreen.storyboard */ = {
			isa = PBXVariantGroup;
			children = (
				70C136432CC610A000CEE7F5 /* Base */,
			);
			name = LaunchScreen.storyboard;
			sourceTree = "<group>";
		};
/* End PBXVariantGroup section */

/* Begin XCBuildConfiguration section */
		70C1365C2CC610A000CEE7F5 /* Debug */ = {
			isa = XCBuildConfiguration;
			buildSettings = {
				ALWAYS_SEARCH_USER_PATHS = NO;
				ASSETCATALOG_COMPILER_GENERATE_SWIFT_ASSET_SYMBOL_EXTENSIONS = YES;
				CLANG_ANALYZER_NONNULL = YES;
				CLANG_ANALYZER_NUMBER_OBJECT_CONVERSION = YES_AGGRESSIVE;
				CLANG_CXX_LANGUAGE_STANDARD = "gnu++20";
				CLANG_ENABLE_MODULES = YES;
				CLANG_ENABLE_OBJC_ARC = YES;
				CLANG_ENABLE_OBJC_WEAK = YES;
				CLANG_WARN_BLOCK_CAPTURE_AUTORELEASING = YES;
				CLANG_WARN_BOOL_CONVERSION = YES;
				CLANG_WARN_COMMA = YES;
				CLANG_WARN_CONSTANT_CONVERSION = YES;
				CLANG_WARN_DEPRECATED_OBJC_IMPLEMENTATIONS = YES;
				CLANG_WARN_DIRECT_OBJC_ISA_USAGE = YES_ERROR;
				CLANG_WARN_DOCUMENTATION_COMMENTS = YES;
				CLANG_WARN_EMPTY_BODY = YES;
				CLANG_WARN_ENUM_CONVERSION = YES;
				CLANG_WARN_INFINITE_RECURSION = YES;
				CLANG_WARN_INT_CONVERSION = YES;
				CLANG_WARN_NON_LITERAL_NULL_CONVERSION = YES;
				CLANG_WARN_OBJC_IMPLICIT_RETAIN_SELF = YES;
				CLANG_WARN_OBJC_LITERAL_CONVERSION = YES;
				CLANG_WARN_OBJC_ROOT_CLASS = YES_ERROR;
				CLANG_WARN_QUOTED_INCLUDE_IN_FRAMEWORK_HEADER = YES;
				CLANG_WARN_RANGE_LOOP_ANALYSIS = YES;
				CLANG_WARN_STRICT_PROTOTYPES = YES;
				CLANG_WARN_SUSPICIOUS_MOVE = YES;
				CLANG_WARN_UNGUARDED_AVAILABILITY = YES_AGGRESSIVE;
				CLANG_WARN_UNREACHABLE_CODE = YES;
				CLANG_WARN__DUPLICATE_METHOD_MATCH = YES;
				COPY_PHASE_STRIP = NO;
				DEBUG_INFORMATION_FORMAT = dwarf;
				ENABLE_STRICT_OBJC_MSGSEND = YES;
				ENABLE_TESTABILITY = YES;
				ENABLE_USER_SCRIPT_SANDBOXING = YES;
				GCC_C_LANGUAGE_STANDARD = gnu17;
				GCC_DYNAMIC_NO_PIC = NO;
				GCC_NO_COMMON_BLOCKS = YES;
				GCC_OPTIMIZATION_LEVEL = 0;
				GCC_PREPROCESSOR_DEFINITIONS = (
					"DEBUG=1",
					"$(inherited)",
				);
				GCC_WARN_64_TO_32_BIT_CONVERSION = YES;
				GCC_WARN_ABOUT_RETURN_TYPE = YES_ERROR;
				GCC_WARN_UNDECLARED_SELECTOR = YES;
				GCC_WARN_UNINITIALIZED_AUTOS = YES_AGGRESSIVE;
				GCC_WARN_UNUSED_FUNCTION = YES;
				GCC_WARN_UNUSED_VARIABLE = YES;
				IPHONEOS_DEPLOYMENT_TARGET = 17.5;
				LOCALIZATION_PREFERS_STRING_CATALOGS = YES;
				MTL_ENABLE_DEBUG_INFO = INCLUDE_SOURCE;
				MTL_FAST_MATH = YES;
				ONLY_ACTIVE_ARCH = YES;
				SDKROOT = iphoneos;
				SWIFT_ACTIVE_COMPILATION_CONDITIONS = "DEBUG $(inherited)";
				SWIFT_OPTIMIZATION_LEVEL = "-Onone";
			};
			name = Debug;
		};
		70C1365D2CC610A000CEE7F5 /* Release */ = {
			isa = XCBuildConfiguration;
			buildSettings = {
				ALWAYS_SEARCH_USER_PATHS = NO;
				ASSETCATALOG_COMPILER_GENERATE_SWIFT_ASSET_SYMBOL_EXTENSIONS = YES;
				CLANG_ANALYZER_NONNULL = YES;
				CLANG_ANALYZER_NUMBER_OBJECT_CONVERSION = YES_AGGRESSIVE;
				CLANG_CXX_LANGUAGE_STANDARD = "gnu++20";
				CLANG_ENABLE_MODULES = YES;
				CLANG_ENABLE_OBJC_ARC = YES;
				CLANG_ENABLE_OBJC_WEAK = YES;
				CLANG_WARN_BLOCK_CAPTURE_AUTORELEASING = YES;
				CLANG_WARN_BOOL_CONVERSION = YES;
				CLANG_WARN_COMMA = YES;
				CLANG_WARN_CONSTANT_CONVERSION = YES;
				CLANG_WARN_DEPRECATED_OBJC_IMPLEMENTATIONS = YES;
				CLANG_WARN_DIRECT_OBJC_ISA_USAGE = YES_ERROR;
				CLANG_WARN_DOCUMENTATION_COMMENTS = YES;
				CLANG_WARN_EMPTY_BODY = YES;
				CLANG_WARN_ENUM_CONVERSION = YES;
				CLANG_WARN_INFINITE_RECURSION = YES;
				CLANG_WARN_INT_CONVERSION = YES;
				CLANG_WARN_NON_LITERAL_NULL_CONVERSION = YES;
				CLANG_WARN_OBJC_IMPLICIT_RETAIN_SELF = YES;
				CLANG_WARN_OBJC_LITERAL_CONVERSION = YES;
				CLANG_WARN_OBJC_ROOT_CLASS = YES_ERROR;
				CLANG_WARN_QUOTED_INCLUDE_IN_FRAMEWORK_HEADER = YES;
				CLANG_WARN_RANGE_LOOP_ANALYSIS = YES;
				CLANG_WARN_STRICT_PROTOTYPES = YES;
				CLANG_WARN_SUSPICIOUS_MOVE = YES;
				CLANG_WARN_UNGUARDED_AVAILABILITY = YES_AGGRESSIVE;
				CLANG_WARN_UNREACHABLE_CODE = YES;
				CLANG_WARN__DUPLICATE_METHOD_MATCH = YES;
				COPY_PHASE_STRIP = NO;
				DEBUG_INFORMATION_FORMAT = "dwarf-with-dsym";
				ENABLE_NS_ASSERTIONS = NO;
				ENABLE_STRICT_OBJC_MSGSEND = YES;
				ENABLE_USER_SCRIPT_SANDBOXING = YES;
				GCC_C_LANGUAGE_STANDARD = gnu17;
				GCC_NO_COMMON_BLOCKS = YES;
				GCC_WARN_64_TO_32_BIT_CONVERSION = YES;
				GCC_WARN_ABOUT_RETURN_TYPE = YES_ERROR;
				GCC_WARN_UNDECLARED_SELECTOR = YES;
				GCC_WARN_UNINITIALIZED_AUTOS = YES_AGGRESSIVE;
				GCC_WARN_UNUSED_FUNCTION = YES;
				GCC_WARN_UNUSED_VARIABLE = YES;
				IPHONEOS_DEPLOYMENT_TARGET = 17.5;
				LOCALIZATION_PREFERS_STRING_CATALOGS = YES;
				MTL_ENABLE_DEBUG_INFO = NO;
				MTL_FAST_MATH = YES;
				SDKROOT = iphoneos;
				SWIFT_COMPILATION_MODE = wholemodule;
				VALIDATE_PRODUCT = YES;
			};
			name = Release;
		};
		70C1365F2CC610A000CEE7F5 /* Debug */ = {
			isa = XCBuildConfiguration;
			buildSettings = {
				ASSETCATALOG_COMPILER_APPICON_NAME = AppIcon;
				ASSETCATALOG_COMPILER_GLOBAL_ACCENT_COLOR_NAME = AccentColor;
				CODE_SIGN_STYLE = Automatic;
				CURRENT_PROJECT_VERSION = 1;
				DEVELOPMENT_TEAM = MA838Z5Y89;
				GENERATE_INFOPLIST_FILE = YES;
				INFOPLIST_FILE = PicNix/Info.plist;
				INFOPLIST_KEY_UIApplicationSupportsIndirectInputEvents = YES;
				INFOPLIST_KEY_UILaunchStoryboardName = LaunchScreen;
				INFOPLIST_KEY_UIMainStoryboardFile = Main;
				INFOPLIST_KEY_UISupportedInterfaceOrientations_iPad = "UIInterfaceOrientationPortrait UIInterfaceOrientationPortraitUpsideDown UIInterfaceOrientationLandscapeLeft UIInterfaceOrientationLandscapeRight";
				INFOPLIST_KEY_UISupportedInterfaceOrientations_iPhone = "UIInterfaceOrientationPortrait UIInterfaceOrientationLandscapeLeft UIInterfaceOrientationLandscapeRight";
				LD_RUNPATH_SEARCH_PATHS = (
					"$(inherited)",
					"@executable_path/Frameworks",
				);
				MARKETING_VERSION = 1.0;
				PRODUCT_BUNDLE_IDENTIFIER = com.PicNix.PicNix;
				PRODUCT_NAME = "$(TARGET_NAME)";
				SWIFT_EMIT_LOC_STRINGS = YES;
				SWIFT_VERSION = 5.0;
				TARGETED_DEVICE_FAMILY = "1,2";
			};
			name = Debug;
		};
		70C136602CC610A000CEE7F5 /* Release */ = {
			isa = XCBuildConfiguration;
			buildSettings = {
				ASSETCATALOG_COMPILER_APPICON_NAME = AppIcon;
				ASSETCATALOG_COMPILER_GLOBAL_ACCENT_COLOR_NAME = AccentColor;
				CODE_SIGN_STYLE = Automatic;
				CURRENT_PROJECT_VERSION = 1;
				DEVELOPMENT_TEAM = MA838Z5Y89;
				GENERATE_INFOPLIST_FILE = YES;
				INFOPLIST_FILE = PicNix/Info.plist;
				INFOPLIST_KEY_UIApplicationSupportsIndirectInputEvents = YES;
				INFOPLIST_KEY_UILaunchStoryboardName = LaunchScreen;
				INFOPLIST_KEY_UIMainStoryboardFile = Main;
				INFOPLIST_KEY_UISupportedInterfaceOrientations_iPad = "UIInterfaceOrientationPortrait UIInterfaceOrientationPortraitUpsideDown UIInterfaceOrientationLandscapeLeft UIInterfaceOrientationLandscapeRight";
				INFOPLIST_KEY_UISupportedInterfaceOrientations_iPhone = "UIInterfaceOrientationPortrait UIInterfaceOrientationLandscapeLeft UIInterfaceOrientationLandscapeRight";
				LD_RUNPATH_SEARCH_PATHS = (
					"$(inherited)",
					"@executable_path/Frameworks",
				);
				MARKETING_VERSION = 1.0;
				PRODUCT_BUNDLE_IDENTIFIER = com.PicNix.PicNix;
				PRODUCT_NAME = "$(TARGET_NAME)";
				SWIFT_EMIT_LOC_STRINGS = YES;
				SWIFT_VERSION = 5.0;
				TARGETED_DEVICE_FAMILY = "1,2";
			};
			name = Release;
		};
		70C136622CC610A000CEE7F5 /* Debug */ = {
			isa = XCBuildConfiguration;
			buildSettings = {
				BUNDLE_LOADER = "$(TEST_HOST)";
				CODE_SIGN_STYLE = Automatic;
				CURRENT_PROJECT_VERSION = 1;
				DEVELOPMENT_TEAM = MA838Z5Y89;
				GENERATE_INFOPLIST_FILE = YES;
				IPHONEOS_DEPLOYMENT_TARGET = 17.5;
				MARKETING_VERSION = 1.0;
				PRODUCT_BUNDLE_IDENTIFIER = com.PicNix.PicNixTests;
				PRODUCT_NAME = "$(TARGET_NAME)";
				SWIFT_EMIT_LOC_STRINGS = NO;
				SWIFT_VERSION = 5.0;
				TARGETED_DEVICE_FAMILY = "1,2";
				TEST_HOST = "$(BUILT_PRODUCTS_DIR)/PicNix.app/$(BUNDLE_EXECUTABLE_FOLDER_PATH)/PicNix";
			};
			name = Debug;
		};
		70C136632CC610A000CEE7F5 /* Release */ = {
			isa = XCBuildConfiguration;
			buildSettings = {
				BUNDLE_LOADER = "$(TEST_HOST)";
				CODE_SIGN_STYLE = Automatic;
				CURRENT_PROJECT_VERSION = 1;
				DEVELOPMENT_TEAM = MA838Z5Y89;
				GENERATE_INFOPLIST_FILE = YES;
				IPHONEOS_DEPLOYMENT_TARGET = 17.5;
				MARKETING_VERSION = 1.0;
				PRODUCT_BUNDLE_IDENTIFIER = com.PicNix.PicNixTests;
				PRODUCT_NAME = "$(TARGET_NAME)";
				SWIFT_EMIT_LOC_STRINGS = NO;
				SWIFT_VERSION = 5.0;
				TARGETED_DEVICE_FAMILY = "1,2";
				TEST_HOST = "$(BUILT_PRODUCTS_DIR)/PicNix.app/$(BUNDLE_EXECUTABLE_FOLDER_PATH)/PicNix";
			};
			name = Release;
		};
		70C136652CC610A000CEE7F5 /* Debug */ = {
			isa = XCBuildConfiguration;
			buildSettings = {
				CODE_SIGN_STYLE = Automatic;
				CURRENT_PROJECT_VERSION = 1;
				DEVELOPMENT_TEAM = MA838Z5Y89;
				GENERATE_INFOPLIST_FILE = YES;
				MARKETING_VERSION = 1.0;
				PRODUCT_BUNDLE_IDENTIFIER = com.PicNix.PicNixUITests;
				PRODUCT_NAME = "$(TARGET_NAME)";
				SWIFT_EMIT_LOC_STRINGS = NO;
				SWIFT_VERSION = 5.0;
				TARGETED_DEVICE_FAMILY = "1,2";
				TEST_TARGET_NAME = PicNix;
			};
			name = Debug;
		};
		70C136662CC610A000CEE7F5 /* Release */ = {
			isa = XCBuildConfiguration;
			buildSettings = {
				CODE_SIGN_STYLE = Automatic;
				CURRENT_PROJECT_VERSION = 1;
				DEVELOPMENT_TEAM = MA838Z5Y89;
				GENERATE_INFOPLIST_FILE = YES;
				MARKETING_VERSION = 1.0;
				PRODUCT_BUNDLE_IDENTIFIER = com.PicNix.PicNixUITests;
				PRODUCT_NAME = "$(TARGET_NAME)";
				SWIFT_EMIT_LOC_STRINGS = NO;
				SWIFT_VERSION = 5.0;
				TARGETED_DEVICE_FAMILY = "1,2";
				TEST_TARGET_NAME = PicNix;
			};
			name = Release;
		};
/* End XCBuildConfiguration section */

/* Begin XCConfigurationList section */
		70C1362F2CC6109E00CEE7F5 /* Build configuration list for PBXProject "PicNix" */ = {
			isa = XCConfigurationList;
			buildConfigurations = (
				70C1365C2CC610A000CEE7F5 /* Debug */,
				70C1365D2CC610A000CEE7F5 /* Release */,
			);
			defaultConfigurationIsVisible = 0;
			defaultConfigurationName = Release;
		};
		70C1365E2CC610A000CEE7F5 /* Build configuration list for PBXNativeTarget "PicNix" */ = {
			isa = XCConfigurationList;
			buildConfigurations = (
				70C1365F2CC610A000CEE7F5 /* Debug */,
				70C136602CC610A000CEE7F5 /* Release */,
			);
			defaultConfigurationIsVisible = 0;
			defaultConfigurationName = Release;
		};
		70C136612CC610A000CEE7F5 /* Build configuration list for PBXNativeTarget "PicNixTests" */ = {
			isa = XCConfigurationList;
			buildConfigurations = (
				70C136622CC610A000CEE7F5 /* Debug */,
				70C136632CC610A000CEE7F5 /* Release */,
			);
			defaultConfigurationIsVisible = 0;
			defaultConfigurationName = Release;
		};
		70C136642CC610A000CEE7F5 /* Build configuration list for PBXNativeTarget "PicNixUITests" */ = {
			isa = XCConfigurationList;
			buildConfigurations = (
				70C136652CC610A000CEE7F5 /* Debug */,
				70C136662CC610A000CEE7F5 /* Release */,
			);
			defaultConfigurationIsVisible = 0;
			defaultConfigurationName = Release;
		};
/* End XCConfigurationList section */
	};
	rootObject = 70C1362C2CC6109E00CEE7F5 /* Project object */;
}
