// !$*UTF8*$!
{
	archiveVersion = 1;
	classes = {
	};
	objectVersion = 56;
	objects = {

/* Begin PBXBuildFile section */
		8C108CBE2AEF39B900882542 /* MultithreadingApp.swift in Sources */ = {isa = PBXBuildFile; fileRef = 8C108CBD2AEF39B900882542 /* MultithreadingApp.swift */; };
		8C108CC02AEF39B900882542 /* ContentView.swift in Sources */ = {isa = PBXBuildFile; fileRef = 8C108CBF2AEF39B900882542 /* ContentView.swift */; };
		8C108CC22AEF39BB00882542 /* Assets.xcassets in Resources */ = {isa = PBXBuildFile; fileRef = 8C108CC12AEF39BB00882542 /* Assets.xcassets */; };
		8C108CC52AEF39BB00882542 /* Preview Assets.xcassets in Resources */ = {isa = PBXBuildFile; fileRef = 8C108CC42AEF39BB00882542 /* Preview Assets.xcassets */; };
		8C108CCF2AEF39BB00882542 /* MultithreadingTests.swift in Sources */ = {isa = PBXBuildFile; fileRef = 8C108CCE2AEF39BB00882542 /* MultithreadingTests.swift */; };
		8C108CD92AEF39BB00882542 /* MultithreadingUITests.swift in Sources */ = {isa = PBXBuildFile; fileRef = 8C108CD82AEF39BB00882542 /* MultithreadingUITests.swift */; };
		8C108CDB2AEF39BB00882542 /* MultithreadingUITestsLaunchTests.swift in Sources */ = {isa = PBXBuildFile; fileRef = 8C108CDA2AEF39BB00882542 /* MultithreadingUITestsLaunchTests.swift */; };
/* End PBXBuildFile section */

/* Begin PBXContainerItemProxy section */
		8C108CCB2AEF39BB00882542 /* PBXContainerItemProxy */ = {
			isa = PBXContainerItemProxy;
			containerPortal = 8C108CB22AEF39B900882542 /* Project object */;
			proxyType = 1;
			remoteGlobalIDString = 8C108CB92AEF39B900882542;
			remoteInfo = Multithreading;
		};
		8C108CD52AEF39BB00882542 /* PBXContainerItemProxy */ = {
			isa = PBXContainerItemProxy;
			containerPortal = 8C108CB22AEF39B900882542 /* Project object */;
			proxyType = 1;
			remoteGlobalIDString = 8C108CB92AEF39B900882542;
			remoteInfo = Multithreading;
		};
/* End PBXContainerItemProxy section */

/* Begin PBXFileReference section */
		8C108CBA2AEF39B900882542 /* Multithreading.app */ = {isa = PBXFileReference; explicitFileType = wrapper.application; includeInIndex = 0; path = Multithreading.app; sourceTree = BUILT_PRODUCTS_DIR; };
		8C108CBD2AEF39B900882542 /* MultithreadingApp.swift */ = {isa = PBXFileReference; lastKnownFileType = sourcecode.swift; path = MultithreadingApp.swift; sourceTree = "<group>"; };
		8C108CBF2AEF39B900882542 /* ContentView.swift */ = {isa = PBXFileReference; lastKnownFileType = sourcecode.swift; path = ContentView.swift; sourceTree = "<group>"; };
		8C108CC12AEF39BB00882542 /* Assets.xcassets */ = {isa = PBXFileReference; lastKnownFileType = folder.assetcatalog; path = Assets.xcassets; sourceTree = "<group>"; };
		8C108CC42AEF39BB00882542 /* Preview Assets.xcassets */ = {isa = PBXFileReference; lastKnownFileType = folder.assetcatalog; path = "Preview Assets.xcassets"; sourceTree = "<group>"; };
		8C108CCA2AEF39BB00882542 /* MultithreadingTests.xctest */ = {isa = PBXFileReference; explicitFileType = wrapper.cfbundle; includeInIndex = 0; path = MultithreadingTests.xctest; sourceTree = BUILT_PRODUCTS_DIR; };
		8C108CCE2AEF39BB00882542 /* MultithreadingTests.swift */ = {isa = PBXFileReference; lastKnownFileType = sourcecode.swift; path = MultithreadingTests.swift; sourceTree = "<group>"; };
		8C108CD42AEF39BB00882542 /* MultithreadingUITests.xctest */ = {isa = PBXFileReference; explicitFileType = wrapper.cfbundle; includeInIndex = 0; path = MultithreadingUITests.xctest; sourceTree = BUILT_PRODUCTS_DIR; };
		8C108CD82AEF39BB00882542 /* MultithreadingUITests.swift */ = {isa = PBXFileReference; lastKnownFileType = sourcecode.swift; path = MultithreadingUITests.swift; sourceTree = "<group>"; };
		8C108CDA2AEF39BB00882542 /* MultithreadingUITestsLaunchTests.swift */ = {isa = PBXFileReference; lastKnownFileType = sourcecode.swift; path = MultithreadingUITestsLaunchTests.swift; sourceTree = "<group>"; };
/* End PBXFileReference section */

/* Begin PBXFrameworksBuildPhase section */
		8C108CB72AEF39B900882542 /* Frameworks */ = {
			isa = PBXFrameworksBuildPhase;
			buildActionMask = 2147483647;
			files = (
			);
			runOnlyForDeploymentPostprocessing = 0;
		};
		8C108CC72AEF39BB00882542 /* Frameworks */ = {
			isa = PBXFrameworksBuildPhase;
			buildActionMask = 2147483647;
			files = (
			);
			runOnlyForDeploymentPostprocessing = 0;
		};
		8C108CD12AEF39BB00882542 /* Frameworks */ = {
			isa = PBXFrameworksBuildPhase;
			buildActionMask = 2147483647;
			files = (
			);
			runOnlyForDeploymentPostprocessing = 0;
		};
/* End PBXFrameworksBuildPhase section */

/* Begin PBXGroup section */
		8C108CB12AEF39B900882542 = {
			isa = PBXGroup;
			children = (
				8C108CBC2AEF39B900882542 /* Multithreading */,
				8C108CCD2AEF39BB00882542 /* MultithreadingTests */,
				8C108CD72AEF39BB00882542 /* MultithreadingUITests */,
				8C108CBB2AEF39B900882542 /* Products */,
			);
			sourceTree = "<group>";
		};
		8C108CBB2AEF39B900882542 /* Products */ = {
			isa = PBXGroup;
			children = (
				8C108CBA2AEF39B900882542 /* Multithreading.app */,
				8C108CCA2AEF39BB00882542 /* MultithreadingTests.xctest */,
				8C108CD42AEF39BB00882542 /* MultithreadingUITests.xctest */,
			);
			name = Products;
			sourceTree = "<group>";
		};
		8C108CBC2AEF39B900882542 /* Multithreading */ = {
			isa = PBXGroup;
			children = (
				8C108CBD2AEF39B900882542 /* MultithreadingApp.swift */,
				8C108CBF2AEF39B900882542 /* ContentView.swift */,
				8C108CC12AEF39BB00882542 /* Assets.xcassets */,
				8C108CC32AEF39BB00882542 /* Preview Content */,
			);
			path = Multithreading;
			sourceTree = "<group>";
		};
		8C108CC32AEF39BB00882542 /* Preview Content */ = {
			isa = PBXGroup;
			children = (
				8C108CC42AEF39BB00882542 /* Preview Assets.xcassets */,
			);
			path = "Preview Content";
			sourceTree = "<group>";
		};
		8C108CCD2AEF39BB00882542 /* MultithreadingTests */ = {
			isa = PBXGroup;
			children = (
				8C108CCE2AEF39BB00882542 /* MultithreadingTests.swift */,
			);
			path = MultithreadingTests;
			sourceTree = "<group>";
		};
		8C108CD72AEF39BB00882542 /* MultithreadingUITests */ = {
			isa = PBXGroup;
			children = (
				8C108CD82AEF39BB00882542 /* MultithreadingUITests.swift */,
				8C108CDA2AEF39BB00882542 /* MultithreadingUITestsLaunchTests.swift */,
			);
			path = MultithreadingUITests;
			sourceTree = "<group>";
		};
/* End PBXGroup section */

/* Begin PBXNativeTarget section */
		8C108CB92AEF39B900882542 /* Multithreading */ = {
			isa = PBXNativeTarget;
			buildConfigurationList = 8C108CDE2AEF39BB00882542 /* Build configuration list for PBXNativeTarget "Multithreading" */;
			buildPhases = (
				8C108CB62AEF39B900882542 /* Sources */,
				8C108CB72AEF39B900882542 /* Frameworks */,
				8C108CB82AEF39B900882542 /* Resources */,
			);
			buildRules = (
			);
			dependencies = (
			);
			name = Multithreading;
			productName = Multithreading;
			productReference = 8C108CBA2AEF39B900882542 /* Multithreading.app */;
			productType = "com.apple.product-type.application";
		};
		8C108CC92AEF39BB00882542 /* MultithreadingTests */ = {
			isa = PBXNativeTarget;
			buildConfigurationList = 8C108CE12AEF39BB00882542 /* Build configuration list for PBXNativeTarget "MultithreadingTests" */;
			buildPhases = (
				8C108CC62AEF39BB00882542 /* Sources */,
				8C108CC72AEF39BB00882542 /* Frameworks */,
				8C108CC82AEF39BB00882542 /* Resources */,
			);
			buildRules = (
			);
			dependencies = (
				8C108CCC2AEF39BB00882542 /* PBXTargetDependency */,
			);
			name = MultithreadingTests;
			productName = MultithreadingTests;
			productReference = 8C108CCA2AEF39BB00882542 /* MultithreadingTests.xctest */;
			productType = "com.apple.product-type.bundle.unit-test";
		};
		8C108CD32AEF39BB00882542 /* MultithreadingUITests */ = {
			isa = PBXNativeTarget;
			buildConfigurationList = 8C108CE42AEF39BB00882542 /* Build configuration list for PBXNativeTarget "MultithreadingUITests" */;
			buildPhases = (
				8C108CD02AEF39BB00882542 /* Sources */,
				8C108CD12AEF39BB00882542 /* Frameworks */,
				8C108CD22AEF39BB00882542 /* Resources */,
			);
			buildRules = (
			);
			dependencies = (
				8C108CD62AEF39BB00882542 /* PBXTargetDependency */,
			);
			name = MultithreadingUITests;
			productName = MultithreadingUITests;
			productReference = 8C108CD42AEF39BB00882542 /* MultithreadingUITests.xctest */;
			productType = "com.apple.product-type.bundle.ui-testing";
		};
/* End PBXNativeTarget section */

/* Begin PBXProject section */
		8C108CB22AEF39B900882542 /* Project object */ = {
			isa = PBXProject;
			attributes = {
				BuildIndependentTargetsInParallel = 1;
				LastSwiftUpdateCheck = 1500;
				LastUpgradeCheck = 1500;
				TargetAttributes = {
					8C108CB92AEF39B900882542 = {
						CreatedOnToolsVersion = 15.0.1;
					};
					8C108CC92AEF39BB00882542 = {
						CreatedOnToolsVersion = 15.0.1;
						TestTargetID = 8C108CB92AEF39B900882542;
					};
					8C108CD32AEF39BB00882542 = {
						CreatedOnToolsVersion = 15.0.1;
						TestTargetID = 8C108CB92AEF39B900882542;
					};
				};
			};
			buildConfigurationList = 8C108CB52AEF39B900882542 /* Build configuration list for PBXProject "Multithreading" */;
			compatibilityVersion = "Xcode 14.0";
			developmentRegion = en;
			hasScannedForEncodings = 0;
			knownRegions = (
				en,
				Base,
			);
			mainGroup = 8C108CB12AEF39B900882542;
			productRefGroup = 8C108CBB2AEF39B900882542 /* Products */;
			projectDirPath = "";
			projectRoot = "";
			targets = (
				8C108CB92AEF39B900882542 /* Multithreading */,
				8C108CC92AEF39BB00882542 /* MultithreadingTests */,
				8C108CD32AEF39BB00882542 /* MultithreadingUITests */,
			);
		};
/* End PBXProject section */

/* Begin PBXResourcesBuildPhase section */
		8C108CB82AEF39B900882542 /* Resources */ = {
			isa = PBXResourcesBuildPhase;
			buildActionMask = 2147483647;
			files = (
				8C108CC52AEF39BB00882542 /* Preview Assets.xcassets in Resources */,
				8C108CC22AEF39BB00882542 /* Assets.xcassets in Resources */,
			);
			runOnlyForDeploymentPostprocessing = 0;
		};
		8C108CC82AEF39BB00882542 /* Resources */ = {
			isa = PBXResourcesBuildPhase;
			buildActionMask = 2147483647;
			files = (
			);
			runOnlyForDeploymentPostprocessing = 0;
		};
		8C108CD22AEF39BB00882542 /* Resources */ = {
			isa = PBXResourcesBuildPhase;
			buildActionMask = 2147483647;
			files = (
			);
			runOnlyForDeploymentPostprocessing = 0;
		};
/* End PBXResourcesBuildPhase section */

/* Begin PBXSourcesBuildPhase section */
		8C108CB62AEF39B900882542 /* Sources */ = {
			isa = PBXSourcesBuildPhase;
			buildActionMask = 2147483647;
			files = (
				8C108CC02AEF39B900882542 /* ContentView.swift in Sources */,
				8C108CBE2AEF39B900882542 /* MultithreadingApp.swift in Sources */,
			);
			runOnlyForDeploymentPostprocessing = 0;
		};
		8C108CC62AEF39BB00882542 /* Sources */ = {
			isa = PBXSourcesBuildPhase;
			buildActionMask = 2147483647;
			files = (
				8C108CCF2AEF39BB00882542 /* MultithreadingTests.swift in Sources */,
			);
			runOnlyForDeploymentPostprocessing = 0;
		};
		8C108CD02AEF39BB00882542 /* Sources */ = {
			isa = PBXSourcesBuildPhase;
			buildActionMask = 2147483647;
			files = (
				8C108CD92AEF39BB00882542 /* MultithreadingUITests.swift in Sources */,
				8C108CDB2AEF39BB00882542 /* MultithreadingUITestsLaunchTests.swift in Sources */,
			);
			runOnlyForDeploymentPostprocessing = 0;
		};
/* End PBXSourcesBuildPhase section */

/* Begin PBXTargetDependency section */
		8C108CCC2AEF39BB00882542 /* PBXTargetDependency */ = {
			isa = PBXTargetDependency;
			target = 8C108CB92AEF39B900882542 /* Multithreading */;
			targetProxy = 8C108CCB2AEF39BB00882542 /* PBXContainerItemProxy */;
		};
		8C108CD62AEF39BB00882542 /* PBXTargetDependency */ = {
			isa = PBXTargetDependency;
			target = 8C108CB92AEF39B900882542 /* Multithreading */;
			targetProxy = 8C108CD52AEF39BB00882542 /* PBXContainerItemProxy */;
		};
/* End PBXTargetDependency section */

/* Begin XCBuildConfiguration section */
		8C108CDC2AEF39BB00882542 /* Debug */ = {
			isa = XCBuildConfiguration;
			buildSettings = {
				ALWAYS_SEARCH_USER_PATHS = NO;
				ASSETCATALOG_COMPILER_GENERATE_SWIFT_ASSET_SYMBOL_EXTENSIONS = YES;
				CLANG_ANALYZER_NONNULL = YES;
				CLANG_ANALYZER_NUMBER_OBJECT_CONVERSION = YES_AGGRESSIVE;
				CLANG_CXX_LANGUAGE_STANDARD = "gnu++20";
				CLANG_ENABLE_MODULES = YES;
				CLANG_ENABLE_OBJC_ARC = YES;
				CLANG_ENABLE_OBJC_WEAK = YES;
				CLANG_WARN_BLOCK_CAPTURE_AUTORELEASING = YES;
				CLANG_WARN_BOOL_CONVERSION = YES;
				CLANG_WARN_COMMA = YES;
				CLANG_WARN_CONSTANT_CONVERSION = YES;
				CLANG_WARN_DEPRECATED_OBJC_IMPLEMENTATIONS = YES;
				CLANG_WARN_DIRECT_OBJC_ISA_USAGE = YES_ERROR;
				CLANG_WARN_DOCUMENTATION_COMMENTS = YES;
				CLANG_WARN_EMPTY_BODY = YES;
				CLANG_WARN_ENUM_CONVERSION = YES;
				CLANG_WARN_INFINITE_RECURSION = YES;
				CLANG_WARN_INT_CONVERSION = YES;
				CLANG_WARN_NON_LITERAL_NULL_CONVERSION = YES;
				CLANG_WARN_OBJC_IMPLICIT_RETAIN_SELF = YES;
				CLANG_WARN_OBJC_LITERAL_CONVERSION = YES;
				CLANG_WARN_OBJC_ROOT_CLASS = YES_ERROR;
				CLANG_WARN_QUOTED_INCLUDE_IN_FRAMEWORK_HEADER = YES;
				CLANG_WARN_RANGE_LOOP_ANALYSIS = YES;
				CLANG_WARN_STRICT_PROTOTYPES = YES;
				CLANG_WARN_SUSPICIOUS_MOVE = YES;
				CLANG_WARN_UNGUARDED_AVAILABILITY = YES_AGGRESSIVE;
				CLANG_WARN_UNREACHABLE_CODE = YES;
				CLANG_WARN__DUPLICATE_METHOD_MATCH = YES;
				COPY_PHASE_STRIP = NO;
				DEBUG_INFORMATION_FORMAT = dwarf;
				ENABLE_STRICT_OBJC_MSGSEND = YES;
				ENABLE_TESTABILITY = YES;
				ENABLE_USER_SCRIPT_SANDBOXING = YES;
				GCC_C_LANGUAGE_STANDARD = gnu17;
				GCC_DYNAMIC_NO_PIC = NO;
				GCC_NO_COMMON_BLOCKS = YES;
				GCC_OPTIMIZATION_LEVEL = 0;
				GCC_PREPROCESSOR_DEFINITIONS = (
					"DEBUG=1",
					"$(inherited)",
				);
				GCC_WARN_64_TO_32_BIT_CONVERSION = YES;
				GCC_WARN_ABOUT_RETURN_TYPE = YES_ERROR;
				GCC_WARN_UNDECLARED_SELECTOR = YES;
				GCC_WARN_UNINITIALIZED_AUTOS = YES_AGGRESSIVE;
				GCC_WARN_UNUSED_FUNCTION = YES;
				GCC_WARN_UNUSED_VARIABLE = YES;
				IPHONEOS_DEPLOYMENT_TARGET = 17.0;
				LOCALIZATION_PREFERS_STRING_CATALOGS = YES;
				MTL_ENABLE_DEBUG_INFO = INCLUDE_SOURCE;
				MTL_FAST_MATH = YES;
				ONLY_ACTIVE_ARCH = YES;
				SDKROOT = iphoneos;
				SWIFT_ACTIVE_COMPILATION_CONDITIONS = "DEBUG $(inherited)";
				SWIFT_OPTIMIZATION_LEVEL = "-Onone";
			};
			name = Debug;
		};
		8C108CDD2AEF39BB00882542 /* Release */ = {
			isa = XCBuildConfiguration;
			buildSettings = {
				ALWAYS_SEARCH_USER_PATHS = NO;
				ASSETCATALOG_COMPILER_GENERATE_SWIFT_ASSET_SYMBOL_EXTENSIONS = YES;
				CLANG_ANALYZER_NONNULL = YES;
				CLANG_ANALYZER_NUMBER_OBJECT_CONVERSION = YES_AGGRESSIVE;
				CLANG_CXX_LANGUAGE_STANDARD = "gnu++20";
				CLANG_ENABLE_MODULES = YES;
				CLANG_ENABLE_OBJC_ARC = YES;
				CLANG_ENABLE_OBJC_WEAK = YES;
				CLANG_WARN_BLOCK_CAPTURE_AUTORELEASING = YES;
				CLANG_WARN_BOOL_CONVERSION = YES;
				CLANG_WARN_COMMA = YES;
				CLANG_WARN_CONSTANT_CONVERSION = YES;
				CLANG_WARN_DEPRECATED_OBJC_IMPLEMENTATIONS = YES;
				CLANG_WARN_DIRECT_OBJC_ISA_USAGE = YES_ERROR;
				CLANG_WARN_DOCUMENTATION_COMMENTS = YES;
				CLANG_WARN_EMPTY_BODY = YES;
				CLANG_WARN_ENUM_CONVERSION = YES;
				CLANG_WARN_INFINITE_RECURSION = YES;
				CLANG_WARN_INT_CONVERSION = YES;
				CLANG_WARN_NON_LITERAL_NULL_CONVERSION = YES;
				CLANG_WARN_OBJC_IMPLICIT_RETAIN_SELF = YES;
				CLANG_WARN_OBJC_LITERAL_CONVERSION = YES;
				CLANG_WARN_OBJC_ROOT_CLASS = YES_ERROR;
				CLANG_WARN_QUOTED_INCLUDE_IN_FRAMEWORK_HEADER = YES;
				CLANG_WARN_RANGE_LOOP_ANALYSIS = YES;
				CLANG_WARN_STRICT_PROTOTYPES = YES;
				CLANG_WARN_SUSPICIOUS_MOVE = YES;
				CLANG_WARN_UNGUARDED_AVAILABILITY = YES_AGGRESSIVE;
				CLANG_WARN_UNREACHABLE_CODE = YES;
				CLANG_WARN__DUPLICATE_METHOD_MATCH = YES;
				COPY_PHASE_STRIP = NO;
				DEBUG_INFORMATION_FORMAT = "dwarf-with-dsym";
				ENABLE_NS_ASSERTIONS = NO;
				ENABLE_STRICT_OBJC_MSGSEND = YES;
				ENABLE_USER_SCRIPT_SANDBOXING = YES;
				GCC_C_LANGUAGE_STANDARD = gnu17;
				GCC_NO_COMMON_BLOCKS = YES;
				GCC_WARN_64_TO_32_BIT_CONVERSION = YES;
				GCC_WARN_ABOUT_RETURN_TYPE = YES_ERROR;
				GCC_WARN_UNDECLARED_SELECTOR = YES;
				GCC_WARN_UNINITIALIZED_AUTOS = YES_AGGRESSIVE;
				GCC_WARN_UNUSED_FUNCTION = YES;
				GCC_WARN_UNUSED_VARIABLE = YES;
				IPHONEOS_DEPLOYMENT_TARGET = 17.0;
				LOCALIZATION_PREFERS_STRING_CATALOGS = YES;
				MTL_ENABLE_DEBUG_INFO = NO;
				MTL_FAST_MATH = YES;
				SDKROOT = iphoneos;
				SWIFT_COMPILATION_MODE = wholemodule;
				VALIDATE_PRODUCT = YES;
			};
			name = Release;
		};
		8C108CDF2AEF39BB00882542 /* Debug */ = {
			isa = XCBuildConfiguration;
			buildSettings = {
				ASSETCATALOG_COMPILER_APPICON_NAME = AppIcon;
				ASSETCATALOG_COMPILER_GLOBAL_ACCENT_COLOR_NAME = AccentColor;
				CODE_SIGN_STYLE = Automatic;
				CURRENT_PROJECT_VERSION = 1;
				DEVELOPMENT_ASSET_PATHS = "\"Multithreading/Preview Content\"";
				DEVELOPMENT_TEAM = CDN3KGZQDS;
				ENABLE_PREVIEWS = YES;
				GENERATE_INFOPLIST_FILE = YES;
				INFOPLIST_KEY_UIApplicationSceneManifest_Generation = YES;
				INFOPLIST_KEY_UIApplicationSupportsIndirectInputEvents = YES;
				INFOPLIST_KEY_UILaunchScreen_Generation = YES;
				INFOPLIST_KEY_UISupportedInterfaceOrientations_iPad = "UIInterfaceOrientationPortrait UIInterfaceOrientationPortraitUpsideDown UIInterfaceOrientationLandscapeLeft UIInterfaceOrientationLandscapeRight";
				INFOPLIST_KEY_UISupportedInterfaceOrientations_iPhone = "UIInterfaceOrientationPortrait UIInterfaceOrientationLandscapeLeft UIInterfaceOrientationLandscapeRight";
				LD_RUNPATH_SEARCH_PATHS = (
					"$(inherited)",
					"@executable_path/Frameworks",
				);
				MARKETING_VERSION = 1.0;
				PRODUCT_BUNDLE_IDENTIFIER = jal.Multithreading;
				PRODUCT_NAME = "$(TARGET_NAME)";
				SWIFT_EMIT_LOC_STRINGS = YES;
				SWIFT_VERSION = 5.0;
				TARGETED_DEVICE_FAMILY = "1,2";
			};
			name = Debug;
		};
		8C108CE02AEF39BB00882542 /* Release */ = {
			isa = XCBuildConfiguration;
			buildSettings = {
				ASSETCATALOG_COMPILER_APPICON_NAME = AppIcon;
				ASSETCATALOG_COMPILER_GLOBAL_ACCENT_COLOR_NAME = AccentColor;
				CODE_SIGN_STYLE = Automatic;
				CURRENT_PROJECT_VERSION = 1;
				DEVELOPMENT_ASSET_PATHS = "\"Multithreading/Preview Content\"";
				DEVELOPMENT_TEAM = CDN3KGZQDS;
				ENABLE_PREVIEWS = YES;
				GENERATE_INFOPLIST_FILE = YES;
				INFOPLIST_KEY_UIApplicationSceneManifest_Generation = YES;
				INFOPLIST_KEY_UIApplicationSupportsIndirectInputEvents = YES;
				INFOPLIST_KEY_UILaunchScreen_Generation = YES;
				INFOPLIST_KEY_UISupportedInterfaceOrientations_iPad = "UIInterfaceOrientationPortrait UIInterfaceOrientationPortraitUpsideDown UIInterfaceOrientationLandscapeLeft UIInterfaceOrientationLandscapeRight";
				INFOPLIST_KEY_UISupportedInterfaceOrientations_iPhone = "UIInterfaceOrientationPortrait UIInterfaceOrientationLandscapeLeft UIInterfaceOrientationLandscapeRight";
				LD_RUNPATH_SEARCH_PATHS = (
					"$(inherited)",
					"@executable_path/Frameworks",
				);
				MARKETING_VERSION = 1.0;
				PRODUCT_BUNDLE_IDENTIFIER = jal.Multithreading;
				PRODUCT_NAME = "$(TARGET_NAME)";
				SWIFT_EMIT_LOC_STRINGS = YES;
				SWIFT_VERSION = 5.0;
				TARGETED_DEVICE_FAMILY = "1,2";
			};
			name = Release;
		};
		8C108CE22AEF39BB00882542 /* Debug */ = {
			isa = XCBuildConfiguration;
			buildSettings = {
				ALWAYS_EMBED_SWIFT_STANDARD_LIBRARIES = YES;
				BUNDLE_LOADER = "$(TEST_HOST)";
				CODE_SIGN_STYLE = Automatic;
				CURRENT_PROJECT_VERSION = 1;
				DEVELOPMENT_TEAM = 35U9HEBB6W;
				GENERATE_INFOPLIST_FILE = YES;
				IPHONEOS_DEPLOYMENT_TARGET = 17.0;
				MARKETING_VERSION = 1.0;
				PRODUCT_BUNDLE_IDENTIFIER = jal.MultithreadingTests;
				PRODUCT_NAME = "$(TARGET_NAME)";
				SWIFT_EMIT_LOC_STRINGS = NO;
				SWIFT_VERSION = 5.0;
				TARGETED_DEVICE_FAMILY = "1,2";
				TEST_HOST = "$(BUILT_PRODUCTS_DIR)/Multithreading.app/$(BUNDLE_EXECUTABLE_FOLDER_PATH)/Multithreading";
			};
			name = Debug;
		};
		8C108CE32AEF39BB00882542 /* Release */ = {
			isa = XCBuildConfiguration;
			buildSettings = {
				ALWAYS_EMBED_SWIFT_STANDARD_LIBRARIES = YES;
				BUNDLE_LOADER = "$(TEST_HOST)";
				CODE_SIGN_STYLE = Automatic;
				CURRENT_PROJECT_VERSION = 1;
				DEVELOPMENT_TEAM = 35U9HEBB6W;
				GENERATE_INFOPLIST_FILE = YES;
				IPHONEOS_DEPLOYMENT_TARGET = 17.0;
				MARKETING_VERSION = 1.0;
				PRODUCT_BUNDLE_IDENTIFIER = jal.MultithreadingTests;
				PRODUCT_NAME = "$(TARGET_NAME)";
				SWIFT_EMIT_LOC_STRINGS = NO;
				SWIFT_VERSION = 5.0;
				TARGETED_DEVICE_FAMILY = "1,2";
				TEST_HOST = "$(BUILT_PRODUCTS_DIR)/Multithreading.app/$(BUNDLE_EXECUTABLE_FOLDER_PATH)/Multithreading";
			};
			name = Release;
		};
		8C108CE52AEF39BB00882542 /* Debug */ = {
			isa = XCBuildConfiguration;
			buildSettings = {
				ALWAYS_EMBED_SWIFT_STANDARD_LIBRARIES = YES;
				CODE_SIGN_STYLE = Automatic;
				CURRENT_PROJECT_VERSION = 1;
				DEVELOPMENT_TEAM = 35U9HEBB6W;
				GENERATE_INFOPLIST_FILE = YES;
				MARKETING_VERSION = 1.0;
				PRODUCT_BUNDLE_IDENTIFIER = jal.MultithreadingUITests;
				PRODUCT_NAME = "$(TARGET_NAME)";
				SWIFT_EMIT_LOC_STRINGS = NO;
				SWIFT_VERSION = 5.0;
				TARGETED_DEVICE_FAMILY = "1,2";
				TEST_TARGET_NAME = Multithreading;
			};
			name = Debug;
		};
		8C108CE62AEF39BB00882542 /* Release */ = {
			isa = XCBuildConfiguration;
			buildSettings = {
				ALWAYS_EMBED_SWIFT_STANDARD_LIBRARIES = YES;
				CODE_SIGN_STYLE = Automatic;
				CURRENT_PROJECT_VERSION = 1;
				DEVELOPMENT_TEAM = 35U9HEBB6W;
				GENERATE_INFOPLIST_FILE = YES;
				MARKETING_VERSION = 1.0;
				PRODUCT_BUNDLE_IDENTIFIER = jal.MultithreadingUITests;
				PRODUCT_NAME = "$(TARGET_NAME)";
				SWIFT_EMIT_LOC_STRINGS = NO;
				SWIFT_VERSION = 5.0;
				TARGETED_DEVICE_FAMILY = "1,2";
				TEST_TARGET_NAME = Multithreading;
			};
			name = Release;
		};
/* End XCBuildConfiguration section */

/* Begin XCConfigurationList section */
		8C108CB52AEF39B900882542 /* Build configuration list for PBXProject "Multithreading" */ = {
			isa = XCConfigurationList;
			buildConfigurations = (
				8C108CDC2AEF39BB00882542 /* Debug */,
				8C108CDD2AEF39BB00882542 /* Release */,
			);
			defaultConfigurationIsVisible = 0;
			defaultConfigurationName = Release;
		};
		8C108CDE2AEF39BB00882542 /* Build configuration list for PBXNativeTarget "Multithreading" */ = {
			isa = XCConfigurationList;
			buildConfigurations = (
				8C108CDF2AEF39BB00882542 /* Debug */,
				8C108CE02AEF39BB00882542 /* Release */,
			);
			defaultConfigurationIsVisible = 0;
			defaultConfigurationName = Release;
		};
		8C108CE12AEF39BB00882542 /* Build configuration list for PBXNativeTarget "MultithreadingTests" */ = {
			isa = XCConfigurationList;
			buildConfigurations = (
				8C108CE22AEF39BB00882542 /* Debug */,
				8C108CE32AEF39BB00882542 /* Release */,
			);
			defaultConfigurationIsVisible = 0;
			defaultConfigurationName = Release;
		};
		8C108CE42AEF39BB00882542 /* Build configuration list for PBXNativeTarget "MultithreadingUITests" */ = {
			isa = XCConfigurationList;
			buildConfigurations = (
				8C108CE52AEF39BB00882542 /* Debug */,
				8C108CE62AEF39BB00882542 /* Release */,
			);
			defaultConfigurationIsVisible = 0;
			defaultConfigurationName = Release;
		};
/* End XCConfigurationList section */
	};
	rootObject = 8C108CB22AEF39B900882542 /* Project object */;
}
