// !$*UTF8*$!
{
	archiveVersion = 1;
	classes = {
	};
	objectVersion = 56;
	objects = {

/* Begin PBXBuildFile section */
		8CEFD1942ABC908B00930699 /* SwiftUiIntroApp.swift in Sources */ = {isa = PBXBuildFile; fileRef = 8CEFD1932ABC908B00930699 /* SwiftUiIntroApp.swift */; };
		8CEFD1962ABC908B00930699 /* ContentView.swift in Sources */ = {isa = PBXBuildFile; fileRef = 8CEFD1952ABC908B00930699 /* ContentView.swift */; };
		8CEFD1982ABC908C00930699 /* Assets.xcassets in Resources */ = {isa = PBXBuildFile; fileRef = 8CEFD1972ABC908C00930699 /* Assets.xcassets */; };
		8CEFD19C2ABC908C00930699 /* Preview Assets.xcassets in Resources */ = {isa = PBXBuildFile; fileRef = 8CEFD19B2ABC908C00930699 /* Preview Assets.xcassets */; };
		8CEFD1A62ABC908C00930699 /* SwiftUiIntroTests.swift in Sources */ = {isa = PBXBuildFile; fileRef = 8CEFD1A52ABC908C00930699 /* SwiftUiIntroTests.swift */; };
		8CEFD1B02ABC908C00930699 /* SwiftUiIntroUITests.swift in Sources */ = {isa = PBXBuildFile; fileRef = 8CEFD1AF2ABC908C00930699 /* SwiftUiIntroUITests.swift */; };
		8CEFD1B22ABC908C00930699 /* SwiftUiIntroUITestsLaunchTests.swift in Sources */ = {isa = PBXBuildFile; fileRef = 8CEFD1B12ABC908C00930699 /* SwiftUiIntroUITestsLaunchTests.swift */; };
/* End PBXBuildFile section */

/* Begin PBXContainerItemProxy section */
		8CEFD1A22ABC908C00930699 /* PBXContainerItemProxy */ = {
			isa = PBXContainerItemProxy;
			containerPortal = 8CEFD1882ABC908B00930699 /* Project object */;
			proxyType = 1;
			remoteGlobalIDString = 8CEFD18F2ABC908B00930699;
			remoteInfo = SwiftUiIntro;
		};
		8CEFD1AC2ABC908C00930699 /* PBXContainerItemProxy */ = {
			isa = PBXContainerItemProxy;
			containerPortal = 8CEFD1882ABC908B00930699 /* Project object */;
			proxyType = 1;
			remoteGlobalIDString = 8CEFD18F2ABC908B00930699;
			remoteInfo = SwiftUiIntro;
		};
/* End PBXContainerItemProxy section */

/* Begin PBXFileReference section */
		8CEFD1902ABC908B00930699 /* SwiftUiIntro.app */ = {isa = PBXFileReference; explicitFileType = wrapper.application; includeInIndex = 0; path = SwiftUiIntro.app; sourceTree = BUILT_PRODUCTS_DIR; };
		8CEFD1932ABC908B00930699 /* SwiftUiIntroApp.swift */ = {isa = PBXFileReference; lastKnownFileType = sourcecode.swift; path = SwiftUiIntroApp.swift; sourceTree = "<group>"; };
		8CEFD1952ABC908B00930699 /* ContentView.swift */ = {isa = PBXFileReference; lastKnownFileType = sourcecode.swift; path = ContentView.swift; sourceTree = "<group>"; };
		8CEFD1972ABC908C00930699 /* Assets.xcassets */ = {isa = PBXFileReference; lastKnownFileType = folder.assetcatalog; path = Assets.xcassets; sourceTree = "<group>"; };
		8CEFD1992ABC908C00930699 /* SwiftUiIntro.entitlements */ = {isa = PBXFileReference; lastKnownFileType = text.plist.entitlements; path = SwiftUiIntro.entitlements; sourceTree = "<group>"; };
		8CEFD19B2ABC908C00930699 /* Preview Assets.xcassets */ = {isa = PBXFileReference; lastKnownFileType = folder.assetcatalog; path = "Preview Assets.xcassets"; sourceTree = "<group>"; };
		8CEFD1A12ABC908C00930699 /* SwiftUiIntroTests.xctest */ = {isa = PBXFileReference; explicitFileType = wrapper.cfbundle; includeInIndex = 0; path = SwiftUiIntroTests.xctest; sourceTree = BUILT_PRODUCTS_DIR; };
		8CEFD1A52ABC908C00930699 /* SwiftUiIntroTests.swift */ = {isa = PBXFileReference; lastKnownFileType = sourcecode.swift; path = SwiftUiIntroTests.swift; sourceTree = "<group>"; };
		8CEFD1AB2ABC908C00930699 /* SwiftUiIntroUITests.xctest */ = {isa = PBXFileReference; explicitFileType = wrapper.cfbundle; includeInIndex = 0; path = SwiftUiIntroUITests.xctest; sourceTree = BUILT_PRODUCTS_DIR; };
		8CEFD1AF2ABC908C00930699 /* SwiftUiIntroUITests.swift */ = {isa = PBXFileReference; lastKnownFileType = sourcecode.swift; path = SwiftUiIntroUITests.swift; sourceTree = "<group>"; };
		8CEFD1B12ABC908C00930699 /* SwiftUiIntroUITestsLaunchTests.swift */ = {isa = PBXFileReference; lastKnownFileType = sourcecode.swift; path = SwiftUiIntroUITestsLaunchTests.swift; sourceTree = "<group>"; };
/* End PBXFileReference section */

/* Begin PBXFrameworksBuildPhase section */
		8CEFD18D2ABC908B00930699 /* Frameworks */ = {
			isa = PBXFrameworksBuildPhase;
			buildActionMask = 2147483647;
			files = (
			);
			runOnlyForDeploymentPostprocessing = 0;
		};
		8CEFD19E2ABC908C00930699 /* Frameworks */ = {
			isa = PBXFrameworksBuildPhase;
			buildActionMask = 2147483647;
			files = (
			);
			runOnlyForDeploymentPostprocessing = 0;
		};
		8CEFD1A82ABC908C00930699 /* Frameworks */ = {
			isa = PBXFrameworksBuildPhase;
			buildActionMask = 2147483647;
			files = (
			);
			runOnlyForDeploymentPostprocessing = 0;
		};
/* End PBXFrameworksBuildPhase section */

/* Begin PBXGroup section */
		8CEFD1872ABC908B00930699 = {
			isa = PBXGroup;
			children = (
				8CEFD1922ABC908B00930699 /* SwiftUiIntro */,
				8CEFD1A42ABC908C00930699 /* SwiftUiIntroTests */,
				8CEFD1AE2ABC908C00930699 /* SwiftUiIntroUITests */,
				8CEFD1912ABC908B00930699 /* Products */,
			);
			sourceTree = "<group>";
		};
		8CEFD1912ABC908B00930699 /* Products */ = {
			isa = PBXGroup;
			children = (
				8CEFD1902ABC908B00930699 /* SwiftUiIntro.app */,
				8CEFD1A12ABC908C00930699 /* SwiftUiIntroTests.xctest */,
				8CEFD1AB2ABC908C00930699 /* SwiftUiIntroUITests.xctest */,
			);
			name = Products;
			sourceTree = "<group>";
		};
		8CEFD1922ABC908B00930699 /* SwiftUiIntro */ = {
			isa = PBXGroup;
			children = (
				8CEFD1932ABC908B00930699 /* SwiftUiIntroApp.swift */,
				8CEFD1952ABC908B00930699 /* ContentView.swift */,
				8CEFD1972ABC908C00930699 /* Assets.xcassets */,
				8CEFD1992ABC908C00930699 /* SwiftUiIntro.entitlements */,
				8CEFD19A2ABC908C00930699 /* Preview Content */,
			);
			path = SwiftUiIntro;
			sourceTree = "<group>";
		};
		8CEFD19A2ABC908C00930699 /* Preview Content */ = {
			isa = PBXGroup;
			children = (
				8CEFD19B2ABC908C00930699 /* Preview Assets.xcassets */,
			);
			path = "Preview Content";
			sourceTree = "<group>";
		};
		8CEFD1A42ABC908C00930699 /* SwiftUiIntroTests */ = {
			isa = PBXGroup;
			children = (
				8CEFD1A52ABC908C00930699 /* SwiftUiIntroTests.swift */,
			);
			path = SwiftUiIntroTests;
			sourceTree = "<group>";
		};
		8CEFD1AE2ABC908C00930699 /* SwiftUiIntroUITests */ = {
			isa = PBXGroup;
			children = (
				8CEFD1AF2ABC908C00930699 /* SwiftUiIntroUITests.swift */,
				8CEFD1B12ABC908C00930699 /* SwiftUiIntroUITestsLaunchTests.swift */,
			);
			path = SwiftUiIntroUITests;
			sourceTree = "<group>";
		};
/* End PBXGroup section */

/* Begin PBXNativeTarget section */
		8CEFD18F2ABC908B00930699 /* SwiftUiIntro */ = {
			isa = PBXNativeTarget;
			buildConfigurationList = 8CEFD1B52ABC908C00930699 /* Build configuration list for PBXNativeTarget "SwiftUiIntro" */;
			buildPhases = (
				8CEFD18C2ABC908B00930699 /* Sources */,
				8CEFD18D2ABC908B00930699 /* Frameworks */,
				8CEFD18E2ABC908B00930699 /* Resources */,
			);
			buildRules = (
			);
			dependencies = (
			);
			name = SwiftUiIntro;
			productName = SwiftUiIntro;
			productReference = 8CEFD1902ABC908B00930699 /* SwiftUiIntro.app */;
			productType = "com.apple.product-type.application";
		};
		8CEFD1A02ABC908C00930699 /* SwiftUiIntroTests */ = {
			isa = PBXNativeTarget;
			buildConfigurationList = 8CEFD1B82ABC908C00930699 /* Build configuration list for PBXNativeTarget "SwiftUiIntroTests" */;
			buildPhases = (
				8CEFD19D2ABC908C00930699 /* Sources */,
				8CEFD19E2ABC908C00930699 /* Frameworks */,
				8CEFD19F2ABC908C00930699 /* Resources */,
			);
			buildRules = (
			);
			dependencies = (
				8CEFD1A32ABC908C00930699 /* PBXTargetDependency */,
			);
			name = SwiftUiIntroTests;
			productName = SwiftUiIntroTests;
			productReference = 8CEFD1A12ABC908C00930699 /* SwiftUiIntroTests.xctest */;
			productType = "com.apple.product-type.bundle.unit-test";
		};
		8CEFD1AA2ABC908C00930699 /* SwiftUiIntroUITests */ = {
			isa = PBXNativeTarget;
			buildConfigurationList = 8CEFD1BB2ABC908C00930699 /* Build configuration list for PBXNativeTarget "SwiftUiIntroUITests" */;
			buildPhases = (
				8CEFD1A72ABC908C00930699 /* Sources */,
				8CEFD1A82ABC908C00930699 /* Frameworks */,
				8CEFD1A92ABC908C00930699 /* Resources */,
			);
			buildRules = (
			);
			dependencies = (
				8CEFD1AD2ABC908C00930699 /* PBXTargetDependency */,
			);
			name = SwiftUiIntroUITests;
			productName = SwiftUiIntroUITests;
			productReference = 8CEFD1AB2ABC908C00930699 /* SwiftUiIntroUITests.xctest */;
			productType = "com.apple.product-type.bundle.ui-testing";
		};
/* End PBXNativeTarget section */

/* Begin PBXProject section */
		8CEFD1882ABC908B00930699 /* Project object */ = {
			isa = PBXProject;
			attributes = {
				BuildIndependentTargetsInParallel = 1;
				LastSwiftUpdateCheck = 1430;
				LastUpgradeCheck = 1430;
				TargetAttributes = {
					8CEFD18F2ABC908B00930699 = {
						CreatedOnToolsVersion = 14.3.1;
					};
					8CEFD1A02ABC908C00930699 = {
						CreatedOnToolsVersion = 14.3.1;
						TestTargetID = 8CEFD18F2ABC908B00930699;
					};
					8CEFD1AA2ABC908C00930699 = {
						CreatedOnToolsVersion = 14.3.1;
						TestTargetID = 8CEFD18F2ABC908B00930699;
					};
				};
			};
			buildConfigurationList = 8CEFD18B2ABC908B00930699 /* Build configuration list for PBXProject "SwiftUiIntro" */;
			compatibilityVersion = "Xcode 14.0";
			developmentRegion = en;
			hasScannedForEncodings = 0;
			knownRegions = (
				en,
				Base,
			);
			mainGroup = 8CEFD1872ABC908B00930699;
			productRefGroup = 8CEFD1912ABC908B00930699 /* Products */;
			projectDirPath = "";
			projectRoot = "";
			targets = (
				8CEFD18F2ABC908B00930699 /* SwiftUiIntro */,
				8CEFD1A02ABC908C00930699 /* SwiftUiIntroTests */,
				8CEFD1AA2ABC908C00930699 /* SwiftUiIntroUITests */,
			);
		};
/* End PBXProject section */

/* Begin PBXResourcesBuildPhase section */
		8CEFD18E2ABC908B00930699 /* Resources */ = {
			isa = PBXResourcesBuildPhase;
			buildActionMask = 2147483647;
			files = (
				8CEFD19C2ABC908C00930699 /* Preview Assets.xcassets in Resources */,
				8CEFD1982ABC908C00930699 /* Assets.xcassets in Resources */,
			);
			runOnlyForDeploymentPostprocessing = 0;
		};
		8CEFD19F2ABC908C00930699 /* Resources */ = {
			isa = PBXResourcesBuildPhase;
			buildActionMask = 2147483647;
			files = (
			);
			runOnlyForDeploymentPostprocessing = 0;
		};
		8CEFD1A92ABC908C00930699 /* Resources */ = {
			isa = PBXResourcesBuildPhase;
			buildActionMask = 2147483647;
			files = (
			);
			runOnlyForDeploymentPostprocessing = 0;
		};
/* End PBXResourcesBuildPhase section */

/* Begin PBXSourcesBuildPhase section */
		8CEFD18C2ABC908B00930699 /* Sources */ = {
			isa = PBXSourcesBuildPhase;
			buildActionMask = 2147483647;
			files = (
				8CEFD1962ABC908B00930699 /* ContentView.swift in Sources */,
				8CEFD1942ABC908B00930699 /* SwiftUiIntroApp.swift in Sources */,
			);
			runOnlyForDeploymentPostprocessing = 0;
		};
		8CEFD19D2ABC908C00930699 /* Sources */ = {
			isa = PBXSourcesBuildPhase;
			buildActionMask = 2147483647;
			files = (
				8CEFD1A62ABC908C00930699 /* SwiftUiIntroTests.swift in Sources */,
			);
			runOnlyForDeploymentPostprocessing = 0;
		};
		8CEFD1A72ABC908C00930699 /* Sources */ = {
			isa = PBXSourcesBuildPhase;
			buildActionMask = 2147483647;
			files = (
				8CEFD1B02ABC908C00930699 /* SwiftUiIntroUITests.swift in Sources */,
				8CEFD1B22ABC908C00930699 /* SwiftUiIntroUITestsLaunchTests.swift in Sources */,
			);
			runOnlyForDeploymentPostprocessing = 0;
		};
/* End PBXSourcesBuildPhase section */

/* Begin PBXTargetDependency section */
		8CEFD1A32ABC908C00930699 /* PBXTargetDependency */ = {
			isa = PBXTargetDependency;
			target = 8CEFD18F2ABC908B00930699 /* SwiftUiIntro */;
			targetProxy = 8CEFD1A22ABC908C00930699 /* PBXContainerItemProxy */;
		};
		8CEFD1AD2ABC908C00930699 /* PBXTargetDependency */ = {
			isa = PBXTargetDependency;
			target = 8CEFD18F2ABC908B00930699 /* SwiftUiIntro */;
			targetProxy = 8CEFD1AC2ABC908C00930699 /* PBXContainerItemProxy */;
		};
/* End PBXTargetDependency section */

/* Begin XCBuildConfiguration section */
		8CEFD1B32ABC908C00930699 /* Debug */ = {
			isa = XCBuildConfiguration;
			buildSettings = {
				ALWAYS_SEARCH_USER_PATHS = NO;
				CLANG_ANALYZER_NONNULL = YES;
				CLANG_ANALYZER_NUMBER_OBJECT_CONVERSION = YES_AGGRESSIVE;
				CLANG_CXX_LANGUAGE_STANDARD = "gnu++20";
				CLANG_ENABLE_MODULES = YES;
				CLANG_ENABLE_OBJC_ARC = YES;
				CLANG_ENABLE_OBJC_WEAK = YES;
				CLANG_WARN_BLOCK_CAPTURE_AUTORELEASING = YES;
				CLANG_WARN_BOOL_CONVERSION = YES;
				CLANG_WARN_COMMA = YES;
				CLANG_WARN_CONSTANT_CONVERSION = YES;
				CLANG_WARN_DEPRECATED_OBJC_IMPLEMENTATIONS = YES;
				CLANG_WARN_DIRECT_OBJC_ISA_USAGE = YES_ERROR;
				CLANG_WARN_DOCUMENTATION_COMMENTS = YES;
				CLANG_WARN_EMPTY_BODY = YES;
				CLANG_WARN_ENUM_CONVERSION = YES;
				CLANG_WARN_INFINITE_RECURSION = YES;
				CLANG_WARN_INT_CONVERSION = YES;
				CLANG_WARN_NON_LITERAL_NULL_CONVERSION = YES;
				CLANG_WARN_OBJC_IMPLICIT_RETAIN_SELF = YES;
				CLANG_WARN_OBJC_LITERAL_CONVERSION = YES;
				CLANG_WARN_OBJC_ROOT_CLASS = YES_ERROR;
				CLANG_WARN_QUOTED_INCLUDE_IN_FRAMEWORK_HEADER = YES;
				CLANG_WARN_RANGE_LOOP_ANALYSIS = YES;
				CLANG_WARN_STRICT_PROTOTYPES = YES;
				CLANG_WARN_SUSPICIOUS_MOVE = YES;
				CLANG_WARN_UNGUARDED_AVAILABILITY = YES_AGGRESSIVE;
				CLANG_WARN_UNREACHABLE_CODE = YES;
				CLANG_WARN__DUPLICATE_METHOD_MATCH = YES;
				COPY_PHASE_STRIP = NO;
				DEBUG_INFORMATION_FORMAT = dwarf;
				ENABLE_STRICT_OBJC_MSGSEND = YES;
				ENABLE_TESTABILITY = YES;
				GCC_C_LANGUAGE_STANDARD = gnu11;
				GCC_DYNAMIC_NO_PIC = NO;
				GCC_NO_COMMON_BLOCKS = YES;
				GCC_OPTIMIZATION_LEVEL = 0;
				GCC_PREPROCESSOR_DEFINITIONS = (
					"DEBUG=1",
					"$(inherited)",
				);
				GCC_WARN_64_TO_32_BIT_CONVERSION = YES;
				GCC_WARN_ABOUT_RETURN_TYPE = YES_ERROR;
				GCC_WARN_UNDECLARED_SELECTOR = YES;
				GCC_WARN_UNINITIALIZED_AUTOS = YES_AGGRESSIVE;
				GCC_WARN_UNUSED_FUNCTION = YES;
				GCC_WARN_UNUSED_VARIABLE = YES;
				MTL_ENABLE_DEBUG_INFO = INCLUDE_SOURCE;
				MTL_FAST_MATH = YES;
				ONLY_ACTIVE_ARCH = YES;
				SWIFT_ACTIVE_COMPILATION_CONDITIONS = DEBUG;
				SWIFT_OPTIMIZATION_LEVEL = "-Onone";
			};
			name = Debug;
		};
		8CEFD1B42ABC908C00930699 /* Release */ = {
			isa = XCBuildConfiguration;
			buildSettings = {
				ALWAYS_SEARCH_USER_PATHS = NO;
				CLANG_ANALYZER_NONNULL = YES;
				CLANG_ANALYZER_NUMBER_OBJECT_CONVERSION = YES_AGGRESSIVE;
				CLANG_CXX_LANGUAGE_STANDARD = "gnu++20";
				CLANG_ENABLE_MODULES = YES;
				CLANG_ENABLE_OBJC_ARC = YES;
				CLANG_ENABLE_OBJC_WEAK = YES;
				CLANG_WARN_BLOCK_CAPTURE_AUTORELEASING = YES;
				CLANG_WARN_BOOL_CONVERSION = YES;
				CLANG_WARN_COMMA = YES;
				CLANG_WARN_CONSTANT_CONVERSION = YES;
				CLANG_WARN_DEPRECATED_OBJC_IMPLEMENTATIONS = YES;
				CLANG_WARN_DIRECT_OBJC_ISA_USAGE = YES_ERROR;
				CLANG_WARN_DOCUMENTATION_COMMENTS = YES;
				CLANG_WARN_EMPTY_BODY = YES;
				CLANG_WARN_ENUM_CONVERSION = YES;
				CLANG_WARN_INFINITE_RECURSION = YES;
				CLANG_WARN_INT_CONVERSION = YES;
				CLANG_WARN_NON_LITERAL_NULL_CONVERSION = YES;
				CLANG_WARN_OBJC_IMPLICIT_RETAIN_SELF = YES;
				CLANG_WARN_OBJC_LITERAL_CONVERSION = YES;
				CLANG_WARN_OBJC_ROOT_CLASS = YES_ERROR;
				CLANG_WARN_QUOTED_INCLUDE_IN_FRAMEWORK_HEADER = YES;
				CLANG_WARN_RANGE_LOOP_ANALYSIS = YES;
				CLANG_WARN_STRICT_PROTOTYPES = YES;
				CLANG_WARN_SUSPICIOUS_MOVE = YES;
				CLANG_WARN_UNGUARDED_AVAILABILITY = YES_AGGRESSIVE;
				CLANG_WARN_UNREACHABLE_CODE = YES;
				CLANG_WARN__DUPLICATE_METHOD_MATCH = YES;
				COPY_PHASE_STRIP = NO;
				DEBUG_INFORMATION_FORMAT = "dwarf-with-dsym";
				ENABLE_NS_ASSERTIONS = NO;
				ENABLE_STRICT_OBJC_MSGSEND = YES;
				GCC_C_LANGUAGE_STANDARD = gnu11;
				GCC_NO_COMMON_BLOCKS = YES;
				GCC_WARN_64_TO_32_BIT_CONVERSION = YES;
				GCC_WARN_ABOUT_RETURN_TYPE = YES_ERROR;
				GCC_WARN_UNDECLARED_SELECTOR = YES;
				GCC_WARN_UNINITIALIZED_AUTOS = YES_AGGRESSIVE;
				GCC_WARN_UNUSED_FUNCTION = YES;
				GCC_WARN_UNUSED_VARIABLE = YES;
				MTL_ENABLE_DEBUG_INFO = NO;
				MTL_FAST_MATH = YES;
				SWIFT_COMPILATION_MODE = wholemodule;
				SWIFT_OPTIMIZATION_LEVEL = "-O";
			};
			name = Release;
		};
		8CEFD1B62ABC908C00930699 /* Debug */ = {
			isa = XCBuildConfiguration;
			buildSettings = {
				ASSETCATALOG_COMPILER_APPICON_NAME = AppIcon;
				ASSETCATALOG_COMPILER_GLOBAL_ACCENT_COLOR_NAME = AccentColor;
				CODE_SIGN_ENTITLEMENTS = SwiftUiIntro/SwiftUiIntro.entitlements;
				CODE_SIGN_STYLE = Automatic;
				CURRENT_PROJECT_VERSION = 1;
				DEVELOPMENT_ASSET_PATHS = "\"SwiftUiIntro/Preview Content\"";
				DEVELOPMENT_TEAM = 35U9HEBB6W;
				ENABLE_HARDENED_RUNTIME = YES;
				ENABLE_PREVIEWS = YES;
				GENERATE_INFOPLIST_FILE = YES;
				"INFOPLIST_KEY_UIApplicationSceneManifest_Generation[sdk=iphoneos*]" = YES;
				"INFOPLIST_KEY_UIApplicationSceneManifest_Generation[sdk=iphonesimulator*]" = YES;
				"INFOPLIST_KEY_UIApplicationSupportsIndirectInputEvents[sdk=iphoneos*]" = YES;
				"INFOPLIST_KEY_UIApplicationSupportsIndirectInputEvents[sdk=iphonesimulator*]" = YES;
				"INFOPLIST_KEY_UILaunchScreen_Generation[sdk=iphoneos*]" = YES;
				"INFOPLIST_KEY_UILaunchScreen_Generation[sdk=iphonesimulator*]" = YES;
				"INFOPLIST_KEY_UIStatusBarStyle[sdk=iphoneos*]" = UIStatusBarStyleDefault;
				"INFOPLIST_KEY_UIStatusBarStyle[sdk=iphonesimulator*]" = UIStatusBarStyleDefault;
				INFOPLIST_KEY_UISupportedInterfaceOrientations_iPad = "UIInterfaceOrientationPortrait UIInterfaceOrientationPortraitUpsideDown UIInterfaceOrientationLandscapeLeft UIInterfaceOrientationLandscapeRight";
				INFOPLIST_KEY_UISupportedInterfaceOrientations_iPhone = "UIInterfaceOrientationPortrait UIInterfaceOrientationLandscapeLeft UIInterfaceOrientationLandscapeRight";
				IPHONEOS_DEPLOYMENT_TARGET = 16.4;
				LD_RUNPATH_SEARCH_PATHS = "@executable_path/Frameworks";
				"LD_RUNPATH_SEARCH_PATHS[sdk=macosx*]" = "@executable_path/../Frameworks";
				MACOSX_DEPLOYMENT_TARGET = 13.3;
				MARKETING_VERSION = 1.0;
				PRODUCT_BUNDLE_IDENTIFIER = jal.SwiftUiIntro;
				PRODUCT_NAME = "$(TARGET_NAME)";
				SDKROOT = auto;
				SUPPORTED_PLATFORMS = "iphoneos iphonesimulator macosx";
				SWIFT_EMIT_LOC_STRINGS = YES;
				SWIFT_VERSION = 5.0;
				TARGETED_DEVICE_FAMILY = "1,2";
			};
			name = Debug;
		};
		8CEFD1B72ABC908C00930699 /* Release */ = {
			isa = XCBuildConfiguration;
			buildSettings = {
				ASSETCATALOG_COMPILER_APPICON_NAME = AppIcon;
				ASSETCATALOG_COMPILER_GLOBAL_ACCENT_COLOR_NAME = AccentColor;
				CODE_SIGN_ENTITLEMENTS = SwiftUiIntro/SwiftUiIntro.entitlements;
				CODE_SIGN_STYLE = Automatic;
				CURRENT_PROJECT_VERSION = 1;
				DEVELOPMENT_ASSET_PATHS = "\"SwiftUiIntro/Preview Content\"";
				DEVELOPMENT_TEAM = 35U9HEBB6W;
				ENABLE_HARDENED_RUNTIME = YES;
				ENABLE_PREVIEWS = YES;
				GENERATE_INFOPLIST_FILE = YES;
				"INFOPLIST_KEY_UIApplicationSceneManifest_Generation[sdk=iphoneos*]" = YES;
				"INFOPLIST_KEY_UIApplicationSceneManifest_Generation[sdk=iphonesimulator*]" = YES;
				"INFOPLIST_KEY_UIApplicationSupportsIndirectInputEvents[sdk=iphoneos*]" = YES;
				"INFOPLIST_KEY_UIApplicationSupportsIndirectInputEvents[sdk=iphonesimulator*]" = YES;
				"INFOPLIST_KEY_UILaunchScreen_Generation[sdk=iphoneos*]" = YES;
				"INFOPLIST_KEY_UILaunchScreen_Generation[sdk=iphonesimulator*]" = YES;
				"INFOPLIST_KEY_UIStatusBarStyle[sdk=iphoneos*]" = UIStatusBarStyleDefault;
				"INFOPLIST_KEY_UIStatusBarStyle[sdk=iphonesimulator*]" = UIStatusBarStyleDefault;
				INFOPLIST_KEY_UISupportedInterfaceOrientations_iPad = "UIInterfaceOrientationPortrait UIInterfaceOrientationPortraitUpsideDown UIInterfaceOrientationLandscapeLeft UIInterfaceOrientationLandscapeRight";
				INFOPLIST_KEY_UISupportedInterfaceOrientations_iPhone = "UIInterfaceOrientationPortrait UIInterfaceOrientationLandscapeLeft UIInterfaceOrientationLandscapeRight";
				IPHONEOS_DEPLOYMENT_TARGET = 16.4;
				LD_RUNPATH_SEARCH_PATHS = "@executable_path/Frameworks";
				"LD_RUNPATH_SEARCH_PATHS[sdk=macosx*]" = "@executable_path/../Frameworks";
				MACOSX_DEPLOYMENT_TARGET = 13.3;
				MARKETING_VERSION = 1.0;
				PRODUCT_BUNDLE_IDENTIFIER = jal.SwiftUiIntro;
				PRODUCT_NAME = "$(TARGET_NAME)";
				SDKROOT = auto;
				SUPPORTED_PLATFORMS = "iphoneos iphonesimulator macosx";
				SWIFT_EMIT_LOC_STRINGS = YES;
				SWIFT_VERSION = 5.0;
				TARGETED_DEVICE_FAMILY = "1,2";
			};
			name = Release;
		};
		8CEFD1B92ABC908C00930699 /* Debug */ = {
			isa = XCBuildConfiguration;
			buildSettings = {
				ALWAYS_EMBED_SWIFT_STANDARD_LIBRARIES = YES;
				BUNDLE_LOADER = "$(TEST_HOST)";
				CODE_SIGN_STYLE = Automatic;
				CURRENT_PROJECT_VERSION = 1;
				DEVELOPMENT_TEAM = 35U9HEBB6W;
				GENERATE_INFOPLIST_FILE = YES;
				IPHONEOS_DEPLOYMENT_TARGET = 16.4;
				MACOSX_DEPLOYMENT_TARGET = 13.3;
				MARKETING_VERSION = 1.0;
				PRODUCT_BUNDLE_IDENTIFIER = jal.SwiftUiIntroTests;
				PRODUCT_NAME = "$(TARGET_NAME)";
				SDKROOT = auto;
				SUPPORTED_PLATFORMS = "iphoneos iphonesimulator macosx";
				SWIFT_EMIT_LOC_STRINGS = NO;
				SWIFT_VERSION = 5.0;
				TARGETED_DEVICE_FAMILY = "1,2";
				TEST_HOST = "$(BUILT_PRODUCTS_DIR)/SwiftUiIntro.app/$(BUNDLE_EXECUTABLE_FOLDER_PATH)/SwiftUiIntro";
			};
			name = Debug;
		};
		8CEFD1BA2ABC908C00930699 /* Release */ = {
			isa = XCBuildConfiguration;
			buildSettings = {
				ALWAYS_EMBED_SWIFT_STANDARD_LIBRARIES = YES;
				BUNDLE_LOADER = "$(TEST_HOST)";
				CODE_SIGN_STYLE = Automatic;
				CURRENT_PROJECT_VERSION = 1;
				DEVELOPMENT_TEAM = 35U9HEBB6W;
				GENERATE_INFOPLIST_FILE = YES;
				IPHONEOS_DEPLOYMENT_TARGET = 16.4;
				MACOSX_DEPLOYMENT_TARGET = 13.3;
				MARKETING_VERSION = 1.0;
				PRODUCT_BUNDLE_IDENTIFIER = jal.SwiftUiIntroTests;
				PRODUCT_NAME = "$(TARGET_NAME)";
				SDKROOT = auto;
				SUPPORTED_PLATFORMS = "iphoneos iphonesimulator macosx";
				SWIFT_EMIT_LOC_STRINGS = NO;
				SWIFT_VERSION = 5.0;
				TARGETED_DEVICE_FAMILY = "1,2";
				TEST_HOST = "$(BUILT_PRODUCTS_DIR)/SwiftUiIntro.app/$(BUNDLE_EXECUTABLE_FOLDER_PATH)/SwiftUiIntro";
			};
			name = Release;
		};
		8CEFD1BC2ABC908C00930699 /* Debug */ = {
			isa = XCBuildConfiguration;
			buildSettings = {
				ALWAYS_EMBED_SWIFT_STANDARD_LIBRARIES = YES;
				CODE_SIGN_STYLE = Automatic;
				CURRENT_PROJECT_VERSION = 1;
				DEVELOPMENT_TEAM = 35U9HEBB6W;
				GENERATE_INFOPLIST_FILE = YES;
				IPHONEOS_DEPLOYMENT_TARGET = 16.4;
				MACOSX_DEPLOYMENT_TARGET = 13.3;
				MARKETING_VERSION = 1.0;
				PRODUCT_BUNDLE_IDENTIFIER = jal.SwiftUiIntroUITests;
				PRODUCT_NAME = "$(TARGET_NAME)";
				SDKROOT = auto;
				SUPPORTED_PLATFORMS = "iphoneos iphonesimulator macosx";
				SWIFT_EMIT_LOC_STRINGS = NO;
				SWIFT_VERSION = 5.0;
				TARGETED_DEVICE_FAMILY = "1,2";
				TEST_TARGET_NAME = SwiftUiIntro;
			};
			name = Debug;
		};
		8CEFD1BD2ABC908C00930699 /* Release */ = {
			isa = XCBuildConfiguration;
			buildSettings = {
				ALWAYS_EMBED_SWIFT_STANDARD_LIBRARIES = YES;
				CODE_SIGN_STYLE = Automatic;
				CURRENT_PROJECT_VERSION = 1;
				DEVELOPMENT_TEAM = 35U9HEBB6W;
				GENERATE_INFOPLIST_FILE = YES;
				IPHONEOS_DEPLOYMENT_TARGET = 16.4;
				MACOSX_DEPLOYMENT_TARGET = 13.3;
				MARKETING_VERSION = 1.0;
				PRODUCT_BUNDLE_IDENTIFIER = jal.SwiftUiIntroUITests;
				PRODUCT_NAME = "$(TARGET_NAME)";
				SDKROOT = auto;
				SUPPORTED_PLATFORMS = "iphoneos iphonesimulator macosx";
				SWIFT_EMIT_LOC_STRINGS = NO;
				SWIFT_VERSION = 5.0;
				TARGETED_DEVICE_FAMILY = "1,2";
				TEST_TARGET_NAME = SwiftUiIntro;
			};
			name = Release;
		};
/* End XCBuildConfiguration section */

/* Begin XCConfigurationList section */
		8CEFD18B2ABC908B00930699 /* Build configuration list for PBXProject "SwiftUiIntro" */ = {
			isa = XCConfigurationList;
			buildConfigurations = (
				8CEFD1B32ABC908C00930699 /* Debug */,
				8CEFD1B42ABC908C00930699 /* Release */,
			);
			defaultConfigurationIsVisible = 0;
			defaultConfigurationName = Release;
		};
		8CEFD1B52ABC908C00930699 /* Build configuration list for PBXNativeTarget "SwiftUiIntro" */ = {
			isa = XCConfigurationList;
			buildConfigurations = (
				8CEFD1B62ABC908C00930699 /* Debug */,
				8CEFD1B72ABC908C00930699 /* Release */,
			);
			defaultConfigurationIsVisible = 0;
			defaultConfigurationName = Release;
		};
		8CEFD1B82ABC908C00930699 /* Build configuration list for PBXNativeTarget "SwiftUiIntroTests" */ = {
			isa = XCConfigurationList;
			buildConfigurations = (
				8CEFD1B92ABC908C00930699 /* Debug */,
				8CEFD1BA2ABC908C00930699 /* Release */,
			);
			defaultConfigurationIsVisible = 0;
			defaultConfigurationName = Release;
		};
		8CEFD1BB2ABC908C00930699 /* Build configuration list for PBXNativeTarget "SwiftUiIntroUITests" */ = {
			isa = XCConfigurationList;
			buildConfigurations = (
				8CEFD1BC2ABC908C00930699 /* Debug */,
				8CEFD1BD2ABC908C00930699 /* Release */,
			);
			defaultConfigurationIsVisible = 0;
			defaultConfigurationName = Release;
		};
/* End XCConfigurationList section */
	};
	rootObject = 8CEFD1882ABC908B00930699 /* Project object */;
}
