// !$*UTF8*$!
{
	archiveVersion = 1;
	classes = {
	};
	objectVersion = 56;
	objects = {

/* Begin PBXBuildFile section */
		8CC06F892AF6BB360028AAA3 /* CoreLocationExampleApp.swift in Sources */ = {isa = PBXBuildFile; fileRef = 8CC06F882AF6BB360028AAA3 /* CoreLocationExampleApp.swift */; };
		8CC06F8B2AF6BB360028AAA3 /* ContentView.swift in Sources */ = {isa = PBXBuildFile; fileRef = 8CC06F8A2AF6BB360028AAA3 /* ContentView.swift */; };
		8CC06F8D2AF6BB380028AAA3 /* Assets.xcassets in Resources */ = {isa = PBXBuildFile; fileRef = 8CC06F8C2AF6BB380028AAA3 /* Assets.xcassets */; };
		8CC06F902AF6BB380028AAA3 /* Preview Assets.xcassets in Resources */ = {isa = PBXBuildFile; fileRef = 8CC06F8F2AF6BB380028AAA3 /* Preview Assets.xcassets */; };
		8CC06F9A2AF6BB380028AAA3 /* CoreLocationExampleTests.swift in Sources */ = {isa = PBXBuildFile; fileRef = 8CC06F992AF6BB380028AAA3 /* CoreLocationExampleTests.swift */; };
		8CC06FA42AF6BB380028AAA3 /* CoreLocationExampleUITests.swift in Sources */ = {isa = PBXBuildFile; fileRef = 8CC06FA32AF6BB380028AAA3 /* CoreLocationExampleUITests.swift */; };
		8CC06FA62AF6BB380028AAA3 /* CoreLocationExampleUITestsLaunchTests.swift in Sources */ = {isa = PBXBuildFile; fileRef = 8CC06FA52AF6BB380028AAA3 /* CoreLocationExampleUITestsLaunchTests.swift */; };
/* End PBXBuildFile section */

/* Begin PBXContainerItemProxy section */
		8CC06F962AF6BB380028AAA3 /* PBXContainerItemProxy */ = {
			isa = PBXContainerItemProxy;
			containerPortal = 8CC06F7D2AF6BB360028AAA3 /* Project object */;
			proxyType = 1;
			remoteGlobalIDString = 8CC06F842AF6BB360028AAA3;
			remoteInfo = CoreLocationExample;
		};
		8CC06FA02AF6BB380028AAA3 /* PBXContainerItemProxy */ = {
			isa = PBXContainerItemProxy;
			containerPortal = 8CC06F7D2AF6BB360028AAA3 /* Project object */;
			proxyType = 1;
			remoteGlobalIDString = 8CC06F842AF6BB360028AAA3;
			remoteInfo = CoreLocationExample;
		};
/* End PBXContainerItemProxy section */

/* Begin PBXFileReference section */
		8CC06F852AF6BB360028AAA3 /* CoreLocationExample.app */ = {isa = PBXFileReference; explicitFileType = wrapper.application; includeInIndex = 0; path = CoreLocationExample.app; sourceTree = BUILT_PRODUCTS_DIR; };
		8CC06F882AF6BB360028AAA3 /* CoreLocationExampleApp.swift */ = {isa = PBXFileReference; lastKnownFileType = sourcecode.swift; path = CoreLocationExampleApp.swift; sourceTree = "<group>"; };
		8CC06F8A2AF6BB360028AAA3 /* ContentView.swift */ = {isa = PBXFileReference; lastKnownFileType = sourcecode.swift; path = ContentView.swift; sourceTree = "<group>"; };
		8CC06F8C2AF6BB380028AAA3 /* Assets.xcassets */ = {isa = PBXFileReference; lastKnownFileType = folder.assetcatalog; path = Assets.xcassets; sourceTree = "<group>"; };
		8CC06F8F2AF6BB380028AAA3 /* Preview Assets.xcassets */ = {isa = PBXFileReference; lastKnownFileType = folder.assetcatalog; path = "Preview Assets.xcassets"; sourceTree = "<group>"; };
		8CC06F952AF6BB380028AAA3 /* CoreLocationExampleTests.xctest */ = {isa = PBXFileReference; explicitFileType = wrapper.cfbundle; includeInIndex = 0; path = CoreLocationExampleTests.xctest; sourceTree = BUILT_PRODUCTS_DIR; };
		8CC06F992AF6BB380028AAA3 /* CoreLocationExampleTests.swift */ = {isa = PBXFileReference; lastKnownFileType = sourcecode.swift; path = CoreLocationExampleTests.swift; sourceTree = "<group>"; };
		8CC06F9F2AF6BB380028AAA3 /* CoreLocationExampleUITests.xctest */ = {isa = PBXFileReference; explicitFileType = wrapper.cfbundle; includeInIndex = 0; path = CoreLocationExampleUITests.xctest; sourceTree = BUILT_PRODUCTS_DIR; };
		8CC06FA32AF6BB380028AAA3 /* CoreLocationExampleUITests.swift */ = {isa = PBXFileReference; lastKnownFileType = sourcecode.swift; path = CoreLocationExampleUITests.swift; sourceTree = "<group>"; };
		8CC06FA52AF6BB380028AAA3 /* CoreLocationExampleUITestsLaunchTests.swift */ = {isa = PBXFileReference; lastKnownFileType = sourcecode.swift; path = CoreLocationExampleUITestsLaunchTests.swift; sourceTree = "<group>"; };
		8CC06FB22AF6BB970028AAA3 /* Info.plist */ = {isa = PBXFileReference; lastKnownFileType = text.plist; path = Info.plist; sourceTree = "<group>"; };
/* End PBXFileReference section */

/* Begin PBXFrameworksBuildPhase section */
		8CC06F822AF6BB360028AAA3 /* Frameworks */ = {
			isa = PBXFrameworksBuildPhase;
			buildActionMask = 2147483647;
			files = (
			);
			runOnlyForDeploymentPostprocessing = 0;
		};
		8CC06F922AF6BB380028AAA3 /* Frameworks */ = {
			isa = PBXFrameworksBuildPhase;
			buildActionMask = 2147483647;
			files = (
			);
			runOnlyForDeploymentPostprocessing = 0;
		};
		8CC06F9C2AF6BB380028AAA3 /* Frameworks */ = {
			isa = PBXFrameworksBuildPhase;
			buildActionMask = 2147483647;
			files = (
			);
			runOnlyForDeploymentPostprocessing = 0;
		};
/* End PBXFrameworksBuildPhase section */

/* Begin PBXGroup section */
		8CC06F7C2AF6BB360028AAA3 = {
			isa = PBXGroup;
			children = (
				8CC06F872AF6BB360028AAA3 /* CoreLocationExample */,
				8CC06F982AF6BB380028AAA3 /* CoreLocationExampleTests */,
				8CC06FA22AF6BB380028AAA3 /* CoreLocationExampleUITests */,
				8CC06F862AF6BB360028AAA3 /* Products */,
			);
			sourceTree = "<group>";
		};
		8CC06F862AF6BB360028AAA3 /* Products */ = {
			isa = PBXGroup;
			children = (
				8CC06F852AF6BB360028AAA3 /* CoreLocationExample.app */,
				8CC06F952AF6BB380028AAA3 /* CoreLocationExampleTests.xctest */,
				8CC06F9F2AF6BB380028AAA3 /* CoreLocationExampleUITests.xctest */,
			);
			name = Products;
			sourceTree = "<group>";
		};
		8CC06F872AF6BB360028AAA3 /* CoreLocationExample */ = {
			isa = PBXGroup;
			children = (
				8CC06FB22AF6BB970028AAA3 /* Info.plist */,
				8CC06F882AF6BB360028AAA3 /* CoreLocationExampleApp.swift */,
				8CC06F8A2AF6BB360028AAA3 /* ContentView.swift */,
				8CC06F8C2AF6BB380028AAA3 /* Assets.xcassets */,
				8CC06F8E2AF6BB380028AAA3 /* Preview Content */,
			);
			path = CoreLocationExample;
			sourceTree = "<group>";
		};
		8CC06F8E2AF6BB380028AAA3 /* Preview Content */ = {
			isa = PBXGroup;
			children = (
				8CC06F8F2AF6BB380028AAA3 /* Preview Assets.xcassets */,
			);
			path = "Preview Content";
			sourceTree = "<group>";
		};
		8CC06F982AF6BB380028AAA3 /* CoreLocationExampleTests */ = {
			isa = PBXGroup;
			children = (
				8CC06F992AF6BB380028AAA3 /* CoreLocationExampleTests.swift */,
			);
			path = CoreLocationExampleTests;
			sourceTree = "<group>";
		};
		8CC06FA22AF6BB380028AAA3 /* CoreLocationExampleUITests */ = {
			isa = PBXGroup;
			children = (
				8CC06FA32AF6BB380028AAA3 /* CoreLocationExampleUITests.swift */,
				8CC06FA52AF6BB380028AAA3 /* CoreLocationExampleUITestsLaunchTests.swift */,
			);
			path = CoreLocationExampleUITests;
			sourceTree = "<group>";
		};
/* End PBXGroup section */

/* Begin PBXNativeTarget section */
		8CC06F842AF6BB360028AAA3 /* CoreLocationExample */ = {
			isa = PBXNativeTarget;
			buildConfigurationList = 8CC06FA92AF6BB380028AAA3 /* Build configuration list for PBXNativeTarget "CoreLocationExample" */;
			buildPhases = (
				8CC06F812AF6BB360028AAA3 /* Sources */,
				8CC06F822AF6BB360028AAA3 /* Frameworks */,
				8CC06F832AF6BB360028AAA3 /* Resources */,
			);
			buildRules = (
			);
			dependencies = (
			);
			name = CoreLocationExample;
			productName = CoreLocationExample;
			productReference = 8CC06F852AF6BB360028AAA3 /* CoreLocationExample.app */;
			productType = "com.apple.product-type.application";
		};
		8CC06F942AF6BB380028AAA3 /* CoreLocationExampleTests */ = {
			isa = PBXNativeTarget;
			buildConfigurationList = 8CC06FAC2AF6BB380028AAA3 /* Build configuration list for PBXNativeTarget "CoreLocationExampleTests" */;
			buildPhases = (
				8CC06F912AF6BB380028AAA3 /* Sources */,
				8CC06F922AF6BB380028AAA3 /* Frameworks */,
				8CC06F932AF6BB380028AAA3 /* Resources */,
			);
			buildRules = (
			);
			dependencies = (
				8CC06F972AF6BB380028AAA3 /* PBXTargetDependency */,
			);
			name = CoreLocationExampleTests;
			productName = CoreLocationExampleTests;
			productReference = 8CC06F952AF6BB380028AAA3 /* CoreLocationExampleTests.xctest */;
			productType = "com.apple.product-type.bundle.unit-test";
		};
		8CC06F9E2AF6BB380028AAA3 /* CoreLocationExampleUITests */ = {
			isa = PBXNativeTarget;
			buildConfigurationList = 8CC06FAF2AF6BB380028AAA3 /* Build configuration list for PBXNativeTarget "CoreLocationExampleUITests" */;
			buildPhases = (
				8CC06F9B2AF6BB380028AAA3 /* Sources */,
				8CC06F9C2AF6BB380028AAA3 /* Frameworks */,
				8CC06F9D2AF6BB380028AAA3 /* Resources */,
			);
			buildRules = (
			);
			dependencies = (
				8CC06FA12AF6BB380028AAA3 /* PBXTargetDependency */,
			);
			name = CoreLocationExampleUITests;
			productName = CoreLocationExampleUITests;
			productReference = 8CC06F9F2AF6BB380028AAA3 /* CoreLocationExampleUITests.xctest */;
			productType = "com.apple.product-type.bundle.ui-testing";
		};
/* End PBXNativeTarget section */

/* Begin PBXProject section */
		8CC06F7D2AF6BB360028AAA3 /* Project object */ = {
			isa = PBXProject;
			attributes = {
				BuildIndependentTargetsInParallel = 1;
				LastSwiftUpdateCheck = 1500;
				LastUpgradeCheck = 1500;
				TargetAttributes = {
					8CC06F842AF6BB360028AAA3 = {
						CreatedOnToolsVersion = 15.0.1;
					};
					8CC06F942AF6BB380028AAA3 = {
						CreatedOnToolsVersion = 15.0.1;
						TestTargetID = 8CC06F842AF6BB360028AAA3;
					};
					8CC06F9E2AF6BB380028AAA3 = {
						CreatedOnToolsVersion = 15.0.1;
						TestTargetID = 8CC06F842AF6BB360028AAA3;
					};
				};
			};
			buildConfigurationList = 8CC06F802AF6BB360028AAA3 /* Build configuration list for PBXProject "CoreLocationExample" */;
			compatibilityVersion = "Xcode 14.0";
			developmentRegion = en;
			hasScannedForEncodings = 0;
			knownRegions = (
				en,
				Base,
			);
			mainGroup = 8CC06F7C2AF6BB360028AAA3;
			productRefGroup = 8CC06F862AF6BB360028AAA3 /* Products */;
			projectDirPath = "";
			projectRoot = "";
			targets = (
				8CC06F842AF6BB360028AAA3 /* CoreLocationExample */,
				8CC06F942AF6BB380028AAA3 /* CoreLocationExampleTests */,
				8CC06F9E2AF6BB380028AAA3 /* CoreLocationExampleUITests */,
			);
		};
/* End PBXProject section */

/* Begin PBXResourcesBuildPhase section */
		8CC06F832AF6BB360028AAA3 /* Resources */ = {
			isa = PBXResourcesBuildPhase;
			buildActionMask = 2147483647;
			files = (
				8CC06F902AF6BB380028AAA3 /* Preview Assets.xcassets in Resources */,
				8CC06F8D2AF6BB380028AAA3 /* Assets.xcassets in Resources */,
			);
			runOnlyForDeploymentPostprocessing = 0;
		};
		8CC06F932AF6BB380028AAA3 /* Resources */ = {
			isa = PBXResourcesBuildPhase;
			buildActionMask = 2147483647;
			files = (
			);
			runOnlyForDeploymentPostprocessing = 0;
		};
		8CC06F9D2AF6BB380028AAA3 /* Resources */ = {
			isa = PBXResourcesBuildPhase;
			buildActionMask = 2147483647;
			files = (
			);
			runOnlyForDeploymentPostprocessing = 0;
		};
/* End PBXResourcesBuildPhase section */

/* Begin PBXSourcesBuildPhase section */
		8CC06F812AF6BB360028AAA3 /* Sources */ = {
			isa = PBXSourcesBuildPhase;
			buildActionMask = 2147483647;
			files = (
				8CC06F8B2AF6BB360028AAA3 /* ContentView.swift in Sources */,
				8CC06F892AF6BB360028AAA3 /* CoreLocationExampleApp.swift in Sources */,
			);
			runOnlyForDeploymentPostprocessing = 0;
		};
		8CC06F912AF6BB380028AAA3 /* Sources */ = {
			isa = PBXSourcesBuildPhase;
			buildActionMask = 2147483647;
			files = (
				8CC06F9A2AF6BB380028AAA3 /* CoreLocationExampleTests.swift in Sources */,
			);
			runOnlyForDeploymentPostprocessing = 0;
		};
		8CC06F9B2AF6BB380028AAA3 /* Sources */ = {
			isa = PBXSourcesBuildPhase;
			buildActionMask = 2147483647;
			files = (
				8CC06FA42AF6BB380028AAA3 /* CoreLocationExampleUITests.swift in Sources */,
				8CC06FA62AF6BB380028AAA3 /* CoreLocationExampleUITestsLaunchTests.swift in Sources */,
			);
			runOnlyForDeploymentPostprocessing = 0;
		};
/* End PBXSourcesBuildPhase section */

/* Begin PBXTargetDependency section */
		8CC06F972AF6BB380028AAA3 /* PBXTargetDependency */ = {
			isa = PBXTargetDependency;
			target = 8CC06F842AF6BB360028AAA3 /* CoreLocationExample */;
			targetProxy = 8CC06F962AF6BB380028AAA3 /* PBXContainerItemProxy */;
		};
		8CC06FA12AF6BB380028AAA3 /* PBXTargetDependency */ = {
			isa = PBXTargetDependency;
			target = 8CC06F842AF6BB360028AAA3 /* CoreLocationExample */;
			targetProxy = 8CC06FA02AF6BB380028AAA3 /* PBXContainerItemProxy */;
		};
/* End PBXTargetDependency section */

/* Begin XCBuildConfiguration section */
		8CC06FA72AF6BB380028AAA3 /* Debug */ = {
			isa = XCBuildConfiguration;
			buildSettings = {
				ALWAYS_SEARCH_USER_PATHS = NO;
				ASSETCATALOG_COMPILER_GENERATE_SWIFT_ASSET_SYMBOL_EXTENSIONS = YES;
				CLANG_ANALYZER_NONNULL = YES;
				CLANG_ANALYZER_NUMBER_OBJECT_CONVERSION = YES_AGGRESSIVE;
				CLANG_CXX_LANGUAGE_STANDARD = "gnu++20";
				CLANG_ENABLE_MODULES = YES;
				CLANG_ENABLE_OBJC_ARC = YES;
				CLANG_ENABLE_OBJC_WEAK = YES;
				CLANG_WARN_BLOCK_CAPTURE_AUTORELEASING = YES;
				CLANG_WARN_BOOL_CONVERSION = YES;
				CLANG_WARN_COMMA = YES;
				CLANG_WARN_CONSTANT_CONVERSION = YES;
				CLANG_WARN_DEPRECATED_OBJC_IMPLEMENTATIONS = YES;
				CLANG_WARN_DIRECT_OBJC_ISA_USAGE = YES_ERROR;
				CLANG_WARN_DOCUMENTATION_COMMENTS = YES;
				CLANG_WARN_EMPTY_BODY = YES;
				CLANG_WARN_ENUM_CONVERSION = YES;
				CLANG_WARN_INFINITE_RECURSION = YES;
				CLANG_WARN_INT_CONVERSION = YES;
				CLANG_WARN_NON_LITERAL_NULL_CONVERSION = YES;
				CLANG_WARN_OBJC_IMPLICIT_RETAIN_SELF = YES;
				CLANG_WARN_OBJC_LITERAL_CONVERSION = YES;
				CLANG_WARN_OBJC_ROOT_CLASS = YES_ERROR;
				CLANG_WARN_QUOTED_INCLUDE_IN_FRAMEWORK_HEADER = YES;
				CLANG_WARN_RANGE_LOOP_ANALYSIS = YES;
				CLANG_WARN_STRICT_PROTOTYPES = YES;
				CLANG_WARN_SUSPICIOUS_MOVE = YES;
				CLANG_WARN_UNGUARDED_AVAILABILITY = YES_AGGRESSIVE;
				CLANG_WARN_UNREACHABLE_CODE = YES;
				CLANG_WARN__DUPLICATE_METHOD_MATCH = YES;
				COPY_PHASE_STRIP = NO;
				DEBUG_INFORMATION_FORMAT = dwarf;
				ENABLE_STRICT_OBJC_MSGSEND = YES;
				ENABLE_TESTABILITY = YES;
				ENABLE_USER_SCRIPT_SANDBOXING = YES;
				GCC_C_LANGUAGE_STANDARD = gnu17;
				GCC_DYNAMIC_NO_PIC = NO;
				GCC_NO_COMMON_BLOCKS = YES;
				GCC_OPTIMIZATION_LEVEL = 0;
				GCC_PREPROCESSOR_DEFINITIONS = (
					"DEBUG=1",
					"$(inherited)",
				);
				GCC_WARN_64_TO_32_BIT_CONVERSION = YES;
				GCC_WARN_ABOUT_RETURN_TYPE = YES_ERROR;
				GCC_WARN_UNDECLARED_SELECTOR = YES;
				GCC_WARN_UNINITIALIZED_AUTOS = YES_AGGRESSIVE;
				GCC_WARN_UNUSED_FUNCTION = YES;
				GCC_WARN_UNUSED_VARIABLE = YES;
				IPHONEOS_DEPLOYMENT_TARGET = 17.0;
				LOCALIZATION_PREFERS_STRING_CATALOGS = YES;
				MTL_ENABLE_DEBUG_INFO = INCLUDE_SOURCE;
				MTL_FAST_MATH = YES;
				ONLY_ACTIVE_ARCH = YES;
				SDKROOT = iphoneos;
				SWIFT_ACTIVE_COMPILATION_CONDITIONS = "DEBUG $(inherited)";
				SWIFT_OPTIMIZATION_LEVEL = "-Onone";
			};
			name = Debug;
		};
		8CC06FA82AF6BB380028AAA3 /* Release */ = {
			isa = XCBuildConfiguration;
			buildSettings = {
				ALWAYS_SEARCH_USER_PATHS = NO;
				ASSETCATALOG_COMPILER_GENERATE_SWIFT_ASSET_SYMBOL_EXTENSIONS = YES;
				CLANG_ANALYZER_NONNULL = YES;
				CLANG_ANALYZER_NUMBER_OBJECT_CONVERSION = YES_AGGRESSIVE;
				CLANG_CXX_LANGUAGE_STANDARD = "gnu++20";
				CLANG_ENABLE_MODULES = YES;
				CLANG_ENABLE_OBJC_ARC = YES;
				CLANG_ENABLE_OBJC_WEAK = YES;
				CLANG_WARN_BLOCK_CAPTURE_AUTORELEASING = YES;
				CLANG_WARN_BOOL_CONVERSION = YES;
				CLANG_WARN_COMMA = YES;
				CLANG_WARN_CONSTANT_CONVERSION = YES;
				CLANG_WARN_DEPRECATED_OBJC_IMPLEMENTATIONS = YES;
				CLANG_WARN_DIRECT_OBJC_ISA_USAGE = YES_ERROR;
				CLANG_WARN_DOCUMENTATION_COMMENTS = YES;
				CLANG_WARN_EMPTY_BODY = YES;
				CLANG_WARN_ENUM_CONVERSION = YES;
				CLANG_WARN_INFINITE_RECURSION = YES;
				CLANG_WARN_INT_CONVERSION = YES;
				CLANG_WARN_NON_LITERAL_NULL_CONVERSION = YES;
				CLANG_WARN_OBJC_IMPLICIT_RETAIN_SELF = YES;
				CLANG_WARN_OBJC_LITERAL_CONVERSION = YES;
				CLANG_WARN_OBJC_ROOT_CLASS = YES_ERROR;
				CLANG_WARN_QUOTED_INCLUDE_IN_FRAMEWORK_HEADER = YES;
				CLANG_WARN_RANGE_LOOP_ANALYSIS = YES;
				CLANG_WARN_STRICT_PROTOTYPES = YES;
				CLANG_WARN_SUSPICIOUS_MOVE = YES;
				CLANG_WARN_UNGUARDED_AVAILABILITY = YES_AGGRESSIVE;
				CLANG_WARN_UNREACHABLE_CODE = YES;
				CLANG_WARN__DUPLICATE_METHOD_MATCH = YES;
				COPY_PHASE_STRIP = NO;
				DEBUG_INFORMATION_FORMAT = "dwarf-with-dsym";
				ENABLE_NS_ASSERTIONS = NO;
				ENABLE_STRICT_OBJC_MSGSEND = YES;
				ENABLE_USER_SCRIPT_SANDBOXING = YES;
				GCC_C_LANGUAGE_STANDARD = gnu17;
				GCC_NO_COMMON_BLOCKS = YES;
				GCC_WARN_64_TO_32_BIT_CONVERSION = YES;
				GCC_WARN_ABOUT_RETURN_TYPE = YES_ERROR;
				GCC_WARN_UNDECLARED_SELECTOR = YES;
				GCC_WARN_UNINITIALIZED_AUTOS = YES_AGGRESSIVE;
				GCC_WARN_UNUSED_FUNCTION = YES;
				GCC_WARN_UNUSED_VARIABLE = YES;
				IPHONEOS_DEPLOYMENT_TARGET = 17.0;
				LOCALIZATION_PREFERS_STRING_CATALOGS = YES;
				MTL_ENABLE_DEBUG_INFO = NO;
				MTL_FAST_MATH = YES;
				SDKROOT = iphoneos;
				SWIFT_COMPILATION_MODE = wholemodule;
				VALIDATE_PRODUCT = YES;
			};
			name = Release;
		};
		8CC06FAA2AF6BB380028AAA3 /* Debug */ = {
			isa = XCBuildConfiguration;
			buildSettings = {
				ASSETCATALOG_COMPILER_APPICON_NAME = AppIcon;
				ASSETCATALOG_COMPILER_GLOBAL_ACCENT_COLOR_NAME = AccentColor;
				CODE_SIGN_STYLE = Automatic;
				CURRENT_PROJECT_VERSION = 1;
				DEVELOPMENT_ASSET_PATHS = "\"CoreLocationExample/Preview Content\"";
				DEVELOPMENT_TEAM = 35U9HEBB6W;
				ENABLE_PREVIEWS = YES;
				GENERATE_INFOPLIST_FILE = YES;
				INFOPLIST_FILE = CoreLocationExample/Info.plist;
				INFOPLIST_KEY_NSLocationAlwaysAndWhenInUseUsageDescription = "We need location for demo purposes";
				INFOPLIST_KEY_UIApplicationSceneManifest_Generation = YES;
				INFOPLIST_KEY_UIApplicationSupportsIndirectInputEvents = YES;
				INFOPLIST_KEY_UILaunchScreen_Generation = YES;
				INFOPLIST_KEY_UISupportedInterfaceOrientations_iPad = "UIInterfaceOrientationPortrait UIInterfaceOrientationPortraitUpsideDown UIInterfaceOrientationLandscapeLeft UIInterfaceOrientationLandscapeRight";
				INFOPLIST_KEY_UISupportedInterfaceOrientations_iPhone = "UIInterfaceOrientationPortrait UIInterfaceOrientationLandscapeLeft UIInterfaceOrientationLandscapeRight";
				LD_RUNPATH_SEARCH_PATHS = (
					"$(inherited)",
					"@executable_path/Frameworks",
				);
				MARKETING_VERSION = 1.0;
				PRODUCT_BUNDLE_IDENTIFIER = jal.CoreLocationExample;
				PRODUCT_NAME = "$(TARGET_NAME)";
				SWIFT_EMIT_LOC_STRINGS = YES;
				SWIFT_VERSION = 5.0;
				TARGETED_DEVICE_FAMILY = "1,2";
			};
			name = Debug;
		};
		8CC06FAB2AF6BB380028AAA3 /* Release */ = {
			isa = XCBuildConfiguration;
			buildSettings = {
				ASSETCATALOG_COMPILER_APPICON_NAME = AppIcon;
				ASSETCATALOG_COMPILER_GLOBAL_ACCENT_COLOR_NAME = AccentColor;
				CODE_SIGN_STYLE = Automatic;
				CURRENT_PROJECT_VERSION = 1;
				DEVELOPMENT_ASSET_PATHS = "\"CoreLocationExample/Preview Content\"";
				DEVELOPMENT_TEAM = 35U9HEBB6W;
				ENABLE_PREVIEWS = YES;
				GENERATE_INFOPLIST_FILE = YES;
				INFOPLIST_FILE = CoreLocationExample/Info.plist;
				INFOPLIST_KEY_NSLocationAlwaysAndWhenInUseUsageDescription = "We need location for demo purposes";
				INFOPLIST_KEY_UIApplicationSceneManifest_Generation = YES;
				INFOPLIST_KEY_UIApplicationSupportsIndirectInputEvents = YES;
				INFOPLIST_KEY_UILaunchScreen_Generation = YES;
				INFOPLIST_KEY_UISupportedInterfaceOrientations_iPad = "UIInterfaceOrientationPortrait UIInterfaceOrientationPortraitUpsideDown UIInterfaceOrientationLandscapeLeft UIInterfaceOrientationLandscapeRight";
				INFOPLIST_KEY_UISupportedInterfaceOrientations_iPhone = "UIInterfaceOrientationPortrait UIInterfaceOrientationLandscapeLeft UIInterfaceOrientationLandscapeRight";
				LD_RUNPATH_SEARCH_PATHS = (
					"$(inherited)",
					"@executable_path/Frameworks",
				);
				MARKETING_VERSION = 1.0;
				PRODUCT_BUNDLE_IDENTIFIER = jal.CoreLocationExample;
				PRODUCT_NAME = "$(TARGET_NAME)";
				SWIFT_EMIT_LOC_STRINGS = YES;
				SWIFT_VERSION = 5.0;
				TARGETED_DEVICE_FAMILY = "1,2";
			};
			name = Release;
		};
		8CC06FAD2AF6BB380028AAA3 /* Debug */ = {
			isa = XCBuildConfiguration;
			buildSettings = {
				ALWAYS_EMBED_SWIFT_STANDARD_LIBRARIES = YES;
				BUNDLE_LOADER = "$(TEST_HOST)";
				CODE_SIGN_STYLE = Automatic;
				CURRENT_PROJECT_VERSION = 1;
				DEVELOPMENT_TEAM = 35U9HEBB6W;
				GENERATE_INFOPLIST_FILE = YES;
				IPHONEOS_DEPLOYMENT_TARGET = 17.0;
				MARKETING_VERSION = 1.0;
				PRODUCT_BUNDLE_IDENTIFIER = jal.CoreLocationExampleTests;
				PRODUCT_NAME = "$(TARGET_NAME)";
				SWIFT_EMIT_LOC_STRINGS = NO;
				SWIFT_VERSION = 5.0;
				TARGETED_DEVICE_FAMILY = "1,2";
				TEST_HOST = "$(BUILT_PRODUCTS_DIR)/CoreLocationExample.app/$(BUNDLE_EXECUTABLE_FOLDER_PATH)/CoreLocationExample";
			};
			name = Debug;
		};
		8CC06FAE2AF6BB380028AAA3 /* Release */ = {
			isa = XCBuildConfiguration;
			buildSettings = {
				ALWAYS_EMBED_SWIFT_STANDARD_LIBRARIES = YES;
				BUNDLE_LOADER = "$(TEST_HOST)";
				CODE_SIGN_STYLE = Automatic;
				CURRENT_PROJECT_VERSION = 1;
				DEVELOPMENT_TEAM = 35U9HEBB6W;
				GENERATE_INFOPLIST_FILE = YES;
				IPHONEOS_DEPLOYMENT_TARGET = 17.0;
				MARKETING_VERSION = 1.0;
				PRODUCT_BUNDLE_IDENTIFIER = jal.CoreLocationExampleTests;
				PRODUCT_NAME = "$(TARGET_NAME)";
				SWIFT_EMIT_LOC_STRINGS = NO;
				SWIFT_VERSION = 5.0;
				TARGETED_DEVICE_FAMILY = "1,2";
				TEST_HOST = "$(BUILT_PRODUCTS_DIR)/CoreLocationExample.app/$(BUNDLE_EXECUTABLE_FOLDER_PATH)/CoreLocationExample";
			};
			name = Release;
		};
		8CC06FB02AF6BB380028AAA3 /* Debug */ = {
			isa = XCBuildConfiguration;
			buildSettings = {
				ALWAYS_EMBED_SWIFT_STANDARD_LIBRARIES = YES;
				CODE_SIGN_STYLE = Automatic;
				CURRENT_PROJECT_VERSION = 1;
				DEVELOPMENT_TEAM = 35U9HEBB6W;
				GENERATE_INFOPLIST_FILE = YES;
				MARKETING_VERSION = 1.0;
				PRODUCT_BUNDLE_IDENTIFIER = jal.CoreLocationExampleUITests;
				PRODUCT_NAME = "$(TARGET_NAME)";
				SWIFT_EMIT_LOC_STRINGS = NO;
				SWIFT_VERSION = 5.0;
				TARGETED_DEVICE_FAMILY = "1,2";
				TEST_TARGET_NAME = CoreLocationExample;
			};
			name = Debug;
		};
		8CC06FB12AF6BB380028AAA3 /* Release */ = {
			isa = XCBuildConfiguration;
			buildSettings = {
				ALWAYS_EMBED_SWIFT_STANDARD_LIBRARIES = YES;
				CODE_SIGN_STYLE = Automatic;
				CURRENT_PROJECT_VERSION = 1;
				DEVELOPMENT_TEAM = 35U9HEBB6W;
				GENERATE_INFOPLIST_FILE = YES;
				MARKETING_VERSION = 1.0;
				PRODUCT_BUNDLE_IDENTIFIER = jal.CoreLocationExampleUITests;
				PRODUCT_NAME = "$(TARGET_NAME)";
				SWIFT_EMIT_LOC_STRINGS = NO;
				SWIFT_VERSION = 5.0;
				TARGETED_DEVICE_FAMILY = "1,2";
				TEST_TARGET_NAME = CoreLocationExample;
			};
			name = Release;
		};
/* End XCBuildConfiguration section */

/* Begin XCConfigurationList section */
		8CC06F802AF6BB360028AAA3 /* Build configuration list for PBXProject "CoreLocationExample" */ = {
			isa = XCConfigurationList;
			buildConfigurations = (
				8CC06FA72AF6BB380028AAA3 /* Debug */,
				8CC06FA82AF6BB380028AAA3 /* Release */,
			);
			defaultConfigurationIsVisible = 0;
			defaultConfigurationName = Release;
		};
		8CC06FA92AF6BB380028AAA3 /* Build configuration list for PBXNativeTarget "CoreLocationExample" */ = {
			isa = XCConfigurationList;
			buildConfigurations = (
				8CC06FAA2AF6BB380028AAA3 /* Debug */,
				8CC06FAB2AF6BB380028AAA3 /* Release */,
			);
			defaultConfigurationIsVisible = 0;
			defaultConfigurationName = Release;
		};
		8CC06FAC2AF6BB380028AAA3 /* Build configuration list for PBXNativeTarget "CoreLocationExampleTests" */ = {
			isa = XCConfigurationList;
			buildConfigurations = (
				8CC06FAD2AF6BB380028AAA3 /* Debug */,
				8CC06FAE2AF6BB380028AAA3 /* Release */,
			);
			defaultConfigurationIsVisible = 0;
			defaultConfigurationName = Release;
		};
		8CC06FAF2AF6BB380028AAA3 /* Build configuration list for PBXNativeTarget "CoreLocationExampleUITests" */ = {
			isa = XCConfigurationList;
			buildConfigurations = (
				8CC06FB02AF6BB380028AAA3 /* Debug */,
				8CC06FB12AF6BB380028AAA3 /* Release */,
			);
			defaultConfigurationIsVisible = 0;
			defaultConfigurationName = Release;
		};
/* End XCConfigurationList section */
	};
	rootObject = 8CC06F7D2AF6BB360028AAA3 /* Project object */;
}
